// !$*UTF8*$!
{
	archiveVersion = 1;
	classes = {
	};
	objectVersion = 46;
	objects = {

/* Begin PBXBuildFile section */
		82A296F9181A043F00E5CCFE /* Foundation.framework in Frameworks */ = {isa = PBXBuildFile; fileRef = 82A296F8181A043F00E5CCFE /* Foundation.framework */; };
		82A296FB181A043F00E5CCFE /* CoreGraphics.framework in Frameworks */ = {isa = PBXBuildFile; fileRef = 82A296FA181A043F00E5CCFE /* CoreGraphics.framework */; };
		82A296FD181A043F00E5CCFE /* UIKit.framework in Frameworks */ = {isa = PBXBuildFile; fileRef = 82A296FC181A043F00E5CCFE /* UIKit.framework */; };
		82A29703181A043F00E5CCFE /* InfoPlist.strings in Resources */ = {isa = PBXBuildFile; fileRef = 82A29701181A043F00E5CCFE /* InfoPlist.strings */; };
		82A29705181A043F00E5CCFE /* main.m in Sources */ = {isa = PBXBuildFile; fileRef = 82A29704181A043F00E5CCFE /* main.m */; };
		82A29709181A043F00E5CCFE /* EasyPhotoAppDelegate.m in Sources */ = {isa = PBXBuildFile; fileRef = 82A29708181A043F00E5CCFE /* EasyPhotoAppDelegate.m */; };
		82A2970C181A043F00E5CCFE /* Main.storyboard in Resources */ = {isa = PBXBuildFile; fileRef = 82A2970A181A043F00E5CCFE /* Main.storyboard */; };
		82A2970F181A043F00E5CCFE /* EasyPhotoViewController.m in Sources */ = {isa = PBXBuildFile; fileRef = 82A2970E181A043F00E5CCFE /* EasyPhotoViewController.m */; };
		82A29711181A043F00E5CCFE /* Images.xcassets in Resources */ = {isa = PBXBuildFile; fileRef = 82A29710181A043F00E5CCFE /* Images.xcassets */; };
		82A29718181A043F00E5CCFE /* XCTest.framework in Frameworks */ = {isa = PBXBuildFile; fileRef = 82A29717181A043F00E5CCFE /* XCTest.framework */; };
		82A29719181A043F00E5CCFE /* Foundation.framework in Frameworks */ = {isa = PBXBuildFile; fileRef = 82A296F8181A043F00E5CCFE /* Foundation.framework */; };
		82A2971A181A043F00E5CCFE /* UIKit.framework in Frameworks */ = {isa = PBXBuildFile; fileRef = 82A296FC181A043F00E5CCFE /* UIKit.framework */; };
		82A29722181A043F00E5CCFE /* InfoPlist.strings in Resources */ = {isa = PBXBuildFile; fileRef = 82A29720181A043F00E5CCFE /* InfoPlist.strings */; };
		82A29724181A043F00E5CCFE /* EasyPhotoTests.m in Sources */ = {isa = PBXBuildFile; fileRef = 82A29723181A043F00E5CCFE /* EasyPhotoTests.m */; };
		82A2972E181A046A00E5CCFE /* .gitignore in Resources */ = {isa = PBXBuildFile; fileRef = 82A2972D181A046A00E5CCFE /* .gitignore */; };
		82A29730181A048E00E5CCFE /* LICENSE in Resources */ = {isa = PBXBuildFile; fileRef = 82A2972F181A048D00E5CCFE /* LICENSE */; };
		82DA50DF181A1E0900D0EF9A /* camera.png in Resources */ = {isa = PBXBuildFile; fileRef = 82DA50D4181A1E0900D0EF9A /* camera.png */; };
		82DA50E0181A1E0900D0EF9A /* Dashboard Highlight.png in Resources */ = {isa = PBXBuildFile; fileRef = 82DA50D5181A1E0900D0EF9A /* Dashboard Highlight.png */; };
		82DA50E1181A1E0900D0EF9A /* Dashboard.png in Resources */ = {isa = PBXBuildFile; fileRef = 82DA50D6181A1E0900D0EF9A /* Dashboard.png */; };
		82DA50E2181A1E0900D0EF9A /* toolbar-gradient.png in Resources */ = {isa = PBXBuildFile; fileRef = 82DA50D7181A1E0900D0EF9A /* toolbar-gradient.png */; };
		82DA50E3181A1E0900D0EF9A /* Postage Stamp Highlight.png in Resources */ = {isa = PBXBuildFile; fileRef = 82DA50D8181A1E0900D0EF9A /* Postage Stamp Highlight.png */; };
		82DA50E4181A1E0900D0EF9A /* Postage Stamp.png in Resources */ = {isa = PBXBuildFile; fileRef = 82DA50D9181A1E0900D0EF9A /* Postage Stamp.png */; };
		82DA50E5181A1E0900D0EF9A /* background.jpg in Resources */ = {isa = PBXBuildFile; fileRef = 82DA50DA181A1E0900D0EF9A /* background.jpg */; };
		82DA50E6181A1E0900D0EF9A /* banner_ample.png in Resources */ = {isa = PBXBuildFile; fileRef = 82DA50DB181A1E0900D0EF9A /* banner_ample.png */; };
		82DA50E7181A1E0900D0EF9A /* camera-button-depressed.png in Resources */ = {isa = PBXBuildFile; fileRef = 82DA50DC181A1E0900D0EF9A /* camera-button-depressed.png */; };
		82DA50E8181A1E0900D0EF9A /* camera-button.png in Resources */ = {isa = PBXBuildFile; fileRef = 82DA50DD181A1E0900D0EF9A /* camera-button.png */; };
		82DA50E9181A1E0900D0EF9A /* focus.gif in Resources */ = {isa = PBXBuildFile; fileRef = 82DA50DE181A1E0900D0EF9A /* focus.gif */; };
		82DA50F7181A1E2D00D0EF9A /* timer10.png in Resources */ = {isa = PBXBuildFile; fileRef = 82DA50EB181A1E2D00D0EF9A /* timer10.png */; };
		82DA50F8181A1E2D00D0EF9A /* timer2.png in Resources */ = {isa = PBXBuildFile; fileRef = 82DA50EC181A1E2D00D0EF9A /* timer2.png */; };
		82DA50F9181A1E2D00D0EF9A /* timerno.png in Resources */ = {isa = PBXBuildFile; fileRef = 82DA50ED181A1E2D00D0EF9A /* timerno.png */; };
		82DA50FA181A1E2D00D0EF9A /* timer5.png in Resources */ = {isa = PBXBuildFile; fileRef = 82DA50EE181A1E2D00D0EF9A /* timer5.png */; };
		82DA50FB181A1E2D00D0EF9A /* t_noflash.png in Resources */ = {isa = PBXBuildFile; fileRef = 82DA50EF181A1E2D00D0EF9A /* t_noflash.png */; };
		82DA50FC181A1E2D00D0EF9A /* Chip.png in Resources */ = {isa = PBXBuildFile; fileRef = 82DA50F0181A1E2D00D0EF9A /* Chip.png */; };
		82DA50FD181A1E2D00D0EF9A /* exchange32.png in Resources */ = {isa = PBXBuildFile; fileRef = 82DA50F1181A1E2D00D0EF9A /* exchange32.png */; };
		82DA50FE181A1E2D00D0EF9A /* filmroll.png in Resources */ = {isa = PBXBuildFile; fileRef = 82DA50F2181A1E2D00D0EF9A /* filmroll.png */; };
		82DA50FF181A1E2D00D0EF9A /* flash_24.png in Resources */ = {isa = PBXBuildFile; fileRef = 82DA50F3181A1E2D00D0EF9A /* flash_24.png */; };
		82DA5100181A1E2D00D0EF9A /* Paper airplane.png in Resources */ = {isa = PBXBuildFile; fileRef = 82DA50F4181A1E2D00D0EF9A /* Paper airplane.png */; };
		82DA5101181A1E2D00D0EF9A /* t_autoflash.png in Resources */ = {isa = PBXBuildFile; fileRef = 82DA50F5181A1E2D00D0EF9A /* t_autoflash.png */; };
		82DA5102181A1E2D00D0EF9A /* t_flash.png in Resources */ = {isa = PBXBuildFile; fileRef = 82DA50F6181A1E2D00D0EF9A /* t_flash.png */; };
		82DA5110181A1E4900D0EF9A /* oldpaper1.jpg in Resources */ = {isa = PBXBuildFile; fileRef = 82DA5104181A1E4900D0EF9A /* oldpaper1.jpg */; };
		82DA5111181A1E4900D0EF9A /* oldpaper1.png in Resources */ = {isa = PBXBuildFile; fileRef = 82DA5105181A1E4900D0EF9A /* oldpaper1.png */; };
		82DA5112181A1E4900D0EF9A /* oldpaper2.png in Resources */ = {isa = PBXBuildFile; fileRef = 82DA5106181A1E4900D0EF9A /* oldpaper2.png */; };
		82DA5113181A1E4900D0EF9A /* oldpaper3.png in Resources */ = {isa = PBXBuildFile; fileRef = 82DA5107181A1E4900D0EF9A /* oldpaper3.png */; };
		82DA5114181A1E4900D0EF9A /* oldpaper4.png in Resources */ = {isa = PBXBuildFile; fileRef = 82DA5108181A1E4900D0EF9A /* oldpaper4.png */; };
		82DA5115181A1E4900D0EF9A /* oldpaper2.jpg in Resources */ = {isa = PBXBuildFile; fileRef = 82DA5109181A1E4900D0EF9A /* oldpaper2.jpg */; };
		82DA5116181A1E4900D0EF9A /* oldpaper3.jpg in Resources */ = {isa = PBXBuildFile; fileRef = 82DA510A181A1E4900D0EF9A /* oldpaper3.jpg */; };
		82DA5117181A1E4900D0EF9A /* oldpaper4.jpg in Resources */ = {isa = PBXBuildFile; fileRef = 82DA510B181A1E4900D0EF9A /* oldpaper4.jpg */; };
		82DA5118181A1E4900D0EF9A /* wooden.png in Resources */ = {isa = PBXBuildFile; fileRef = 82DA510C181A1E4900D0EF9A /* wooden.png */; };
		82DA5119181A1E4900D0EF9A /* amaro.jpg in Resources */ = {isa = PBXBuildFile; fileRef = 82DA510D181A1E4900D0EF9A /* amaro.jpg */; };
		82DA511A181A1E4900D0EF9A /* amaro.png in Resources */ = {isa = PBXBuildFile; fileRef = 82DA510E181A1E4900D0EF9A /* amaro.png */; };
		82DA511B181A1E4900D0EF9A /* nashville.png in Resources */ = {isa = PBXBuildFile; fileRef = 82DA510F181A1E4900D0EF9A /* nashville.png */; };
		82DA5150181A1E6500D0EF9A /* frame00_s_thumb.png in Resources */ = {isa = PBXBuildFile; fileRef = 82DA511D181A1E6500D0EF9A /* frame00_s_thumb.png */; };
		82DA5151181A1E6500D0EF9A /* frame00.png in Resources */ = {isa = PBXBuildFile; fileRef = 82DA511E181A1E6500D0EF9A /* frame00.png */; };
		82DA5152181A1E6500D0EF9A /* frame00thumb.png in Resources */ = {isa = PBXBuildFile; fileRef = 82DA511F181A1E6500D0EF9A /* frame00thumb.png */; };
		82DA5153181A1E6500D0EF9A /* frame01_s_thumb.png in Resources */ = {isa = PBXBuildFile; fileRef = 82DA5120181A1E6500D0EF9A /* frame01_s_thumb.png */; };
		82DA5154181A1E6500D0EF9A /* frame01.png in Resources */ = {isa = PBXBuildFile; fileRef = 82DA5121181A1E6500D0EF9A /* frame01.png */; };
		82DA5155181A1E6500D0EF9A /* frame01thumb.png in Resources */ = {isa = PBXBuildFile; fileRef = 82DA5122181A1E6500D0EF9A /* frame01thumb.png */; };
		82DA5156181A1E6500D0EF9A /* frame02_s_thumb.png in Resources */ = {isa = PBXBuildFile; fileRef = 82DA5123181A1E6500D0EF9A /* frame02_s_thumb.png */; };
		82DA5157181A1E6500D0EF9A /* frame02.png in Resources */ = {isa = PBXBuildFile; fileRef = 82DA5124181A1E6500D0EF9A /* frame02.png */; };
		82DA5158181A1E6500D0EF9A /* frame02thumb.png in Resources */ = {isa = PBXBuildFile; fileRef = 82DA5125181A1E6500D0EF9A /* frame02thumb.png */; };
		82DA5159181A1E6500D0EF9A /* frame03_s_thumb.png in Resources */ = {isa = PBXBuildFile; fileRef = 82DA5126181A1E6500D0EF9A /* frame03_s_thumb.png */; };
		82DA515A181A1E6500D0EF9A /* frame03.png in Resources */ = {isa = PBXBuildFile; fileRef = 82DA5127181A1E6500D0EF9A /* frame03.png */; };
		82DA515B181A1E6500D0EF9A /* frame03thumb.png in Resources */ = {isa = PBXBuildFile; fileRef = 82DA5128181A1E6500D0EF9A /* frame03thumb.png */; };
		82DA515C181A1E6500D0EF9A /* frame04_s_thumb.png in Resources */ = {isa = PBXBuildFile; fileRef = 82DA5129181A1E6500D0EF9A /* frame04_s_thumb.png */; };
		82DA515D181A1E6500D0EF9A /* frame04.png in Resources */ = {isa = PBXBuildFile; fileRef = 82DA512A181A1E6500D0EF9A /* frame04.png */; };
		82DA515E181A1E6500D0EF9A /* frame04thumb.png in Resources */ = {isa = PBXBuildFile; fileRef = 82DA512B181A1E6500D0EF9A /* frame04thumb.png */; };
		82DA515F181A1E6500D0EF9A /* frame05_s_thumb.png in Resources */ = {isa = PBXBuildFile; fileRef = 82DA512C181A1E6500D0EF9A /* frame05_s_thumb.png */; };
		82DA5160181A1E6500D0EF9A /* frame05.png in Resources */ = {isa = PBXBuildFile; fileRef = 82DA512D181A1E6500D0EF9A /* frame05.png */; };
		82DA5161181A1E6500D0EF9A /* frame05thumb.png in Resources */ = {isa = PBXBuildFile; fileRef = 82DA512E181A1E6500D0EF9A /* frame05thumb.png */; };
		82DA5162181A1E6500D0EF9A /* frame06_s_thumb.png in Resources */ = {isa = PBXBuildFile; fileRef = 82DA512F181A1E6500D0EF9A /* frame06_s_thumb.png */; };
		82DA5163181A1E6500D0EF9A /* frame06.png in Resources */ = {isa = PBXBuildFile; fileRef = 82DA5130181A1E6500D0EF9A /* frame06.png */; };
		82DA5164181A1E6500D0EF9A /* frame06thumb.png in Resources */ = {isa = PBXBuildFile; fileRef = 82DA5131181A1E6500D0EF9A /* frame06thumb.png */; };
		82DA5165181A1E6500D0EF9A /* frame07_s_thumb.png in Resources */ = {isa = PBXBuildFile; fileRef = 82DA5132181A1E6500D0EF9A /* frame07_s_thumb.png */; };
		82DA5166181A1E6500D0EF9A /* frame07.png in Resources */ = {isa = PBXBuildFile; fileRef = 82DA5133181A1E6500D0EF9A /* frame07.png */; };
		82DA5167181A1E6500D0EF9A /* frame07thumb.png in Resources */ = {isa = PBXBuildFile; fileRef = 82DA5134181A1E6500D0EF9A /* frame07thumb.png */; };
		82DA5168181A1E6500D0EF9A /* frame08_s_thumb.png in Resources */ = {isa = PBXBuildFile; fileRef = 82DA5135181A1E6500D0EF9A /* frame08_s_thumb.png */; };
		82DA5169181A1E6500D0EF9A /* frame08.png in Resources */ = {isa = PBXBuildFile; fileRef = 82DA5136181A1E6500D0EF9A /* frame08.png */; };
		82DA516A181A1E6500D0EF9A /* frame08thumb.png in Resources */ = {isa = PBXBuildFile; fileRef = 82DA5137181A1E6500D0EF9A /* frame08thumb.png */; };
		82DA516B181A1E6500D0EF9A /* frame09_s_thumb.png in Resources */ = {isa = PBXBuildFile; fileRef = 82DA5138181A1E6500D0EF9A /* frame09_s_thumb.png */; };
		82DA516C181A1E6500D0EF9A /* frame09.png in Resources */ = {isa = PBXBuildFile; fileRef = 82DA5139181A1E6500D0EF9A /* frame09.png */; };
		82DA516D181A1E6500D0EF9A /* frame09thumb.png in Resources */ = {isa = PBXBuildFile; fileRef = 82DA513A181A1E6500D0EF9A /* frame09thumb.png */; };
		82DA516E181A1E6500D0EF9A /* frame10_s_thumb.png in Resources */ = {isa = PBXBuildFile; fileRef = 82DA513B181A1E6500D0EF9A /* frame10_s_thumb.png */; };
		82DA516F181A1E6500D0EF9A /* frame10.png in Resources */ = {isa = PBXBuildFile; fileRef = 82DA513C181A1E6500D0EF9A /* frame10.png */; };
		82DA5170181A1E6500D0EF9A /* frame10thumb.png in Resources */ = {isa = PBXBuildFile; fileRef = 82DA513D181A1E6500D0EF9A /* frame10thumb.png */; };
		82DA5171181A1E6500D0EF9A /* frame11_s_thumb.png in Resources */ = {isa = PBXBuildFile; fileRef = 82DA513E181A1E6500D0EF9A /* frame11_s_thumb.png */; };
		82DA5172181A1E6500D0EF9A /* frame11.png in Resources */ = {isa = PBXBuildFile; fileRef = 82DA513F181A1E6500D0EF9A /* frame11.png */; };
		82DA5173181A1E6500D0EF9A /* frame11thumb.png in Resources */ = {isa = PBXBuildFile; fileRef = 82DA5140181A1E6500D0EF9A /* frame11thumb.png */; };
		82DA5174181A1E6500D0EF9A /* frame12_s_thumb.png in Resources */ = {isa = PBXBuildFile; fileRef = 82DA5141181A1E6500D0EF9A /* frame12_s_thumb.png */; };
		82DA5175181A1E6500D0EF9A /* frame12.png in Resources */ = {isa = PBXBuildFile; fileRef = 82DA5142181A1E6500D0EF9A /* frame12.png */; };
		82DA5176181A1E6500D0EF9A /* frame12thumb.png in Resources */ = {isa = PBXBuildFile; fileRef = 82DA5143181A1E6500D0EF9A /* frame12thumb.png */; };
		82DA5177181A1E6500D0EF9A /* frame13_s_thumb.png in Resources */ = {isa = PBXBuildFile; fileRef = 82DA5144181A1E6500D0EF9A /* frame13_s_thumb.png */; };
		82DA5178181A1E6500D0EF9A /* frame13.png in Resources */ = {isa = PBXBuildFile; fileRef = 82DA5145181A1E6500D0EF9A /* frame13.png */; };
		82DA5179181A1E6500D0EF9A /* frame13thumb.png in Resources */ = {isa = PBXBuildFile; fileRef = 82DA5146181A1E6500D0EF9A /* frame13thumb.png */; };
		82DA517A181A1E6500D0EF9A /* frame14_s_thumb.png in Resources */ = {isa = PBXBuildFile; fileRef = 82DA5147181A1E6500D0EF9A /* frame14_s_thumb.png */; };
		82DA517B181A1E6500D0EF9A /* frame14.png in Resources */ = {isa = PBXBuildFile; fileRef = 82DA5148181A1E6500D0EF9A /* frame14.png */; };
		82DA517C181A1E6500D0EF9A /* frame14thumb.png in Resources */ = {isa = PBXBuildFile; fileRef = 82DA5149181A1E6500D0EF9A /* frame14thumb.png */; };
		82DA517D181A1E6500D0EF9A /* frame15_s_thumb.png in Resources */ = {isa = PBXBuildFile; fileRef = 82DA514A181A1E6500D0EF9A /* frame15_s_thumb.png */; };
		82DA517E181A1E6500D0EF9A /* frame15.png in Resources */ = {isa = PBXBuildFile; fileRef = 82DA514B181A1E6500D0EF9A /* frame15.png */; };
		82DA517F181A1E6500D0EF9A /* frame15thumb.png in Resources */ = {isa = PBXBuildFile; fileRef = 82DA514C181A1E6500D0EF9A /* frame15thumb.png */; };
		82DA5180181A1E6500D0EF9A /* frame16_s_thumb.png in Resources */ = {isa = PBXBuildFile; fileRef = 82DA514D181A1E6500D0EF9A /* frame16_s_thumb.png */; };
		82DA5181181A1E6500D0EF9A /* frame16.png in Resources */ = {isa = PBXBuildFile; fileRef = 82DA514E181A1E6500D0EF9A /* frame16.png */; };
		82DA5182181A1E6500D0EF9A /* frame16thumb.png in Resources */ = {isa = PBXBuildFile; fileRef = 82DA514F181A1E6500D0EF9A /* frame16thumb.png */; };
		82DA51A8181A1E7C00D0EF9A /* filter_s_amaro.png in Resources */ = {isa = PBXBuildFile; fileRef = 82DA5184181A1E7C00D0EF9A /* filter_s_amaro.png */; };
		82DA51A9181A1E7C00D0EF9A /* filter_s_bluewooden.png in Resources */ = {isa = PBXBuildFile; fileRef = 82DA5185181A1E7C00D0EF9A /* filter_s_bluewooden.png */; };
		82DA51AA181A1E7C00D0EF9A /* filter_s_default.png in Resources */ = {isa = PBXBuildFile; fileRef = 82DA5186181A1E7C00D0EF9A /* filter_s_default.png */; };
		82DA51AB181A1E7C00D0EF9A /* filter_s_emboss.png in Resources */ = {isa = PBXBuildFile; fileRef = 82DA5187181A1E7C00D0EF9A /* filter_s_emboss.png */; };
		82DA51AC181A1E7C00D0EF9A /* filter_s_gray.png in Resources */ = {isa = PBXBuildFile; fileRef = 82DA5188181A1E7C00D0EF9A /* filter_s_gray.png */; };
		82DA51AD181A1E7C00D0EF9A /* filter_s_ilford400.png in Resources */ = {isa = PBXBuildFile; fileRef = 82DA5189181A1E7C00D0EF9A /* filter_s_ilford400.png */; };
		82DA51AE181A1E7C00D0EF9A /* filter_s_invert.png in Resources */ = {isa = PBXBuildFile; fileRef = 82DA518A181A1E7C00D0EF9A /* filter_s_invert.png */; };
		82DA51AF181A1E7C00D0EF9A /* filter_s_lomo.png in Resources */ = {isa = PBXBuildFile; fileRef = 82DA518B181A1E7C00D0EF9A /* filter_s_lomo.png */; };
		82DA51B0181A1E7C00D0EF9A /* filter_s_lomoweird.png in Resources */ = {isa = PBXBuildFile; fileRef = 82DA518C181A1E7C00D0EF9A /* filter_s_lomoweird.png */; };
		82DA51B1181A1E7C00D0EF9A /* filter_s_nashville.png in Resources */ = {isa = PBXBuildFile; fileRef = 82DA518D181A1E7C00D0EF9A /* filter_s_nashville.png */; };
		82DA51B2181A1E7C00D0EF9A /* filter_s_old.png in Resources */ = {isa = PBXBuildFile; fileRef = 82DA518E181A1E7C00D0EF9A /* filter_s_old.png */; };
		82DA51B3181A1E7C00D0EF9A /* filter_s_oldblue.png in Resources */ = {isa = PBXBuildFile; fileRef = 82DA518F181A1E7C00D0EF9A /* filter_s_oldblue.png */; };
		82DA51B4181A1E7C00D0EF9A /* filter_s_olddarkpaper.png in Resources */ = {isa = PBXBuildFile; fileRef = 82DA5190181A1E7C00D0EF9A /* filter_s_olddarkpaper.png */; };
		82DA51B5181A1E7C00D0EF9A /* filter_s_oldgreen.png in Resources */ = {isa = PBXBuildFile; fileRef = 82DA5191181A1E7C00D0EF9A /* filter_s_oldgreen.png */; };
		82DA51B6181A1E7C00D0EF9A /* filter_s_oldpaper.png in Resources */ = {isa = PBXBuildFile; fileRef = 82DA5192181A1E7C00D0EF9A /* filter_s_oldpaper.png */; };
		82DA51B7181A1E7C00D0EF9A /* filter_s_sepia.png in Resources */ = {isa = PBXBuildFile; fileRef = 82DA5193181A1E7C00D0EF9A /* filter_s_sepia.png */; };
		82DA51B8181A1E7C00D0EF9A /* filter_s_sketch.png in Resources */ = {isa = PBXBuildFile; fileRef = 82DA5194181A1E7C00D0EF9A /* filter_s_sketch.png */; };
		82DA51B9181A1E7C00D0EF9A /* filter_s_toon.png in Resources */ = {isa = PBXBuildFile; fileRef = 82DA5195181A1E7C00D0EF9A /* filter_s_toon.png */; };
		82DA51BA181A1E7C00D0EF9A /* filter_sepia.png in Resources */ = {isa = PBXBuildFile; fileRef = 82DA5196181A1E7C00D0EF9A /* filter_sepia.png */; };
		82DA51BB181A1E7C00D0EF9A /* filter_sketch.png in Resources */ = {isa = PBXBuildFile; fileRef = 82DA5197181A1E7C00D0EF9A /* filter_sketch.png */; };
		82DA51BC181A1E7C00D0EF9A /* filter_toon.png in Resources */ = {isa = PBXBuildFile; fileRef = 82DA5198181A1E7C00D0EF9A /* filter_toon.png */; };
		82DA51BD181A1E7C00D0EF9A /* filter_amaro.png in Resources */ = {isa = PBXBuildFile; fileRef = 82DA5199181A1E7C00D0EF9A /* filter_amaro.png */; };
		82DA51BE181A1E7C00D0EF9A /* filter_bluewooden.png in Resources */ = {isa = PBXBuildFile; fileRef = 82DA519A181A1E7C00D0EF9A /* filter_bluewooden.png */; };
		82DA51BF181A1E7C00D0EF9A /* filter_default.png in Resources */ = {isa = PBXBuildFile; fileRef = 82DA519B181A1E7C00D0EF9A /* filter_default.png */; };
		82DA51C0181A1E7C00D0EF9A /* filter_emboss.png in Resources */ = {isa = PBXBuildFile; fileRef = 82DA519C181A1E7C00D0EF9A /* filter_emboss.png */; };
		82DA51C1181A1E7C00D0EF9A /* filter_gray.png in Resources */ = {isa = PBXBuildFile; fileRef = 82DA519D181A1E7C00D0EF9A /* filter_gray.png */; };
		82DA51C2181A1E7C00D0EF9A /* filter_ilford400.png in Resources */ = {isa = PBXBuildFile; fileRef = 82DA519E181A1E7C00D0EF9A /* filter_ilford400.png */; };
		82DA51C3181A1E7C00D0EF9A /* filter_invert.png in Resources */ = {isa = PBXBuildFile; fileRef = 82DA519F181A1E7C00D0EF9A /* filter_invert.png */; };
		82DA51C4181A1E7C00D0EF9A /* filter_lomo.png in Resources */ = {isa = PBXBuildFile; fileRef = 82DA51A0181A1E7C00D0EF9A /* filter_lomo.png */; };
		82DA51C5181A1E7C00D0EF9A /* filter_lomoweird.png in Resources */ = {isa = PBXBuildFile; fileRef = 82DA51A1181A1E7C00D0EF9A /* filter_lomoweird.png */; };
		82DA51C6181A1E7C00D0EF9A /* filter_nashville.png in Resources */ = {isa = PBXBuildFile; fileRef = 82DA51A2181A1E7C00D0EF9A /* filter_nashville.png */; };
		82DA51C7181A1E7C00D0EF9A /* filter_old.png in Resources */ = {isa = PBXBuildFile; fileRef = 82DA51A3181A1E7C00D0EF9A /* filter_old.png */; };
		82DA51C8181A1E7C00D0EF9A /* filter_oldblue.png in Resources */ = {isa = PBXBuildFile; fileRef = 82DA51A4181A1E7C00D0EF9A /* filter_oldblue.png */; };
		82DA51C9181A1E7C00D0EF9A /* filter_olddarkpaper.png in Resources */ = {isa = PBXBuildFile; fileRef = 82DA51A5181A1E7C00D0EF9A /* filter_olddarkpaper.png */; };
		82DA51CA181A1E7C00D0EF9A /* filter_oldgreen.png in Resources */ = {isa = PBXBuildFile; fileRef = 82DA51A6181A1E7C00D0EF9A /* filter_oldgreen.png */; };
		82DA51CB181A1E7C00D0EF9A /* filter_oldpaper.png in Resources */ = {isa = PBXBuildFile; fileRef = 82DA51A7181A1E7C00D0EF9A /* filter_oldpaper.png */; };
/* End PBXBuildFile section */

/* Begin PBXContainerItemProxy section */
		82A2971B181A043F00E5CCFE /* PBXContainerItemProxy */ = {
			isa = PBXContainerItemProxy;
			containerPortal = 82A296ED181A043F00E5CCFE /* Project object */;
			proxyType = 1;
			remoteGlobalIDString = 82A296F4181A043F00E5CCFE;
			remoteInfo = EasyPhoto;
		};
		82DA50CF181A1D6000D0EF9A /* PBXContainerItemProxy */ = {
			isa = PBXContainerItemProxy;
			containerPortal = 82DA50C9181A1D6000D0EF9A /* GPUImage.xcodeproj */;
			proxyType = 2;
			remoteGlobalIDString = BCF1A33414DDB1EC00852800;
			remoteInfo = GPUImage;
		};
		82DA50D1181A1D6000D0EF9A /* PBXContainerItemProxy */ = {
			isa = PBXContainerItemProxy;
			containerPortal = 82DA50C9181A1D6000D0EF9A /* GPUImage.xcodeproj */;
			proxyType = 2;
			remoteGlobalIDString = BCF1A34414DDB1EC00852800;
			remoteInfo = GPUImageTests;
		};
/* End PBXContainerItemProxy section */

/* Begin PBXFileReference section */
		82A296F5181A043F00E5CCFE /* EasyPhoto.app */ = {isa = PBXFileReference; explicitFileType = wrapper.application; includeInIndex = 0; path = EasyPhoto.app; sourceTree = BUILT_PRODUCTS_DIR; };
		82A296F8181A043F00E5CCFE /* Foundation.framework */ = {isa = PBXFileReference; lastKnownFileType = wrapper.framework; name = Foundation.framework; path = System/Library/Frameworks/Foundation.framework; sourceTree = SDKROOT; };
		82A296FA181A043F00E5CCFE /* CoreGraphics.framework */ = {isa = PBXFileReference; lastKnownFileType = wrapper.framework; name = CoreGraphics.framework; path = System/Library/Frameworks/CoreGraphics.framework; sourceTree = SDKROOT; };
		82A296FC181A043F00E5CCFE /* UIKit.framework */ = {isa = PBXFileReference; lastKnownFileType = wrapper.framework; name = UIKit.framework; path = System/Library/Frameworks/UIKit.framework; sourceTree = SDKROOT; };
		82A29700181A043F00E5CCFE /* EasyPhoto-Info.plist */ = {isa = PBXFileReference; lastKnownFileType = text.plist.xml; path = "EasyPhoto-Info.plist"; sourceTree = "<group>"; };
		82A29702181A043F00E5CCFE /* en */ = {isa = PBXFileReference; lastKnownFileType = text.plist.strings; name = en; path = en.lproj/InfoPlist.strings; sourceTree = "<group>"; };
		82A29704181A043F00E5CCFE /* main.m */ = {isa = PBXFileReference; lastKnownFileType = sourcecode.c.objc; path = main.m; sourceTree = "<group>"; };
		82A29706181A043F00E5CCFE /* EasyPhoto-Prefix.pch */ = {isa = PBXFileReference; lastKnownFileType = sourcecode.c.h; path = "EasyPhoto-Prefix.pch"; sourceTree = "<group>"; };
		82A29707181A043F00E5CCFE /* EasyPhotoAppDelegate.h */ = {isa = PBXFileReference; lastKnownFileType = sourcecode.c.h; path = EasyPhotoAppDelegate.h; sourceTree = "<group>"; };
		82A29708181A043F00E5CCFE /* EasyPhotoAppDelegate.m */ = {isa = PBXFileReference; lastKnownFileType = sourcecode.c.objc; path = EasyPhotoAppDelegate.m; sourceTree = "<group>"; };
		82A2970B181A043F00E5CCFE /* Base */ = {isa = PBXFileReference; lastKnownFileType = file.storyboard; name = Base; path = Base.lproj/Main.storyboard; sourceTree = "<group>"; };
		82A2970D181A043F00E5CCFE /* EasyPhotoViewController.h */ = {isa = PBXFileReference; lastKnownFileType = sourcecode.c.h; path = EasyPhotoViewController.h; sourceTree = "<group>"; };
		82A2970E181A043F00E5CCFE /* EasyPhotoViewController.m */ = {isa = PBXFileReference; lastKnownFileType = sourcecode.c.objc; path = EasyPhotoViewController.m; sourceTree = "<group>"; };
		82A29710181A043F00E5CCFE /* Images.xcassets */ = {isa = PBXFileReference; lastKnownFileType = folder.assetcatalog; path = Images.xcassets; sourceTree = "<group>"; };
		82A29716181A043F00E5CCFE /* EasyPhotoTests.xctest */ = {isa = PBXFileReference; explicitFileType = wrapper.cfbundle; includeInIndex = 0; path = EasyPhotoTests.xctest; sourceTree = BUILT_PRODUCTS_DIR; };
		82A29717181A043F00E5CCFE /* XCTest.framework */ = {isa = PBXFileReference; lastKnownFileType = wrapper.framework; name = XCTest.framework; path = Library/Frameworks/XCTest.framework; sourceTree = DEVELOPER_DIR; };
		82A2971F181A043F00E5CCFE /* EasyPhotoTests-Info.plist */ = {isa = PBXFileReference; lastKnownFileType = text.plist.xml; path = "EasyPhotoTests-Info.plist"; sourceTree = "<group>"; };
		82A29721181A043F00E5CCFE /* en */ = {isa = PBXFileReference; lastKnownFileType = text.plist.strings; name = en; path = en.lproj/InfoPlist.strings; sourceTree = "<group>"; };
		82A29723181A043F00E5CCFE /* EasyPhotoTests.m */ = {isa = PBXFileReference; lastKnownFileType = sourcecode.c.objc; path = EasyPhotoTests.m; sourceTree = "<group>"; };
		82A2972D181A046A00E5CCFE /* .gitignore */ = {isa = PBXFileReference; fileEncoding = 4; lastKnownFileType = text; path = .gitignore; sourceTree = "<group>"; };
		82A2972F181A048D00E5CCFE /* LICENSE */ = {isa = PBXFileReference; fileEncoding = 4; lastKnownFileType = text; path = LICENSE; sourceTree = "<group>"; };
		82DA50C9181A1D6000D0EF9A /* GPUImage.xcodeproj */ = {isa = PBXFileReference; lastKnownFileType = "wrapper.pb-project"; name = GPUImage.xcodeproj; path = ../GPUImage/framework/GPUImage.xcodeproj; sourceTree = "<group>"; };
		82DA50D4181A1E0900D0EF9A /* camera.png */ = {isa = PBXFileReference; lastKnownFileType = image.png; path = camera.png; sourceTree = "<group>"; };
		82DA50D5181A1E0900D0EF9A /* Dashboard Highlight.png */ = {isa = PBXFileReference; lastKnownFileType = image.png; path = "Dashboard Highlight.png"; sourceTree = "<group>"; };
		82DA50D6181A1E0900D0EF9A /* Dashboard.png */ = {isa = PBXFileReference; lastKnownFileType = image.png; path = Dashboard.png; sourceTree = "<group>"; };
		82DA50D7181A1E0900D0EF9A /* toolbar-gradient.png */ = {isa = PBXFileReference; lastKnownFileType = image.png; path = "toolbar-gradient.png"; sourceTree = "<group>"; };
		82DA50D8181A1E0900D0EF9A /* Postage Stamp Highlight.png */ = {isa = PBXFileReference; lastKnownFileType = image.png; path = "Postage Stamp Highlight.png"; sourceTree = "<group>"; };
		82DA50D9181A1E0900D0EF9A /* Postage Stamp.png */ = {isa = PBXFileReference; lastKnownFileType = image.png; path = "Postage Stamp.png"; sourceTree = "<group>"; };
		82DA50DA181A1E0900D0EF9A /* background.jpg */ = {isa = PBXFileReference; lastKnownFileType = image.jpeg; path = background.jpg; sourceTree = "<group>"; };
		82DA50DB181A1E0900D0EF9A /* banner_ample.png */ = {isa = PBXFileReference; lastKnownFileType = image.png; path = banner_ample.png; sourceTree = "<group>"; };
		82DA50DC181A1E0900D0EF9A /* camera-button-depressed.png */ = {isa = PBXFileReference; lastKnownFileType = image.png; path = "camera-button-depressed.png"; sourceTree = "<group>"; };
		82DA50DD181A1E0900D0EF9A /* camera-button.png */ = {isa = PBXFileReference; lastKnownFileType = image.png; path = "camera-button.png"; sourceTree = "<group>"; };
		82DA50DE181A1E0900D0EF9A /* focus.gif */ = {isa = PBXFileReference; lastKnownFileType = image.gif; path = focus.gif; sourceTree = "<group>"; };
		82DA50EB181A1E2D00D0EF9A /* timer10.png */ = {isa = PBXFileReference; lastKnownFileType = image.png; path = timer10.png; sourceTree = "<group>"; };
		82DA50EC181A1E2D00D0EF9A /* timer2.png */ = {isa = PBXFileReference; lastKnownFileType = image.png; path = timer2.png; sourceTree = "<group>"; };
		82DA50ED181A1E2D00D0EF9A /* timerno.png */ = {isa = PBXFileReference; lastKnownFileType = image.png; path = timerno.png; sourceTree = "<group>"; };
		82DA50EE181A1E2D00D0EF9A /* timer5.png */ = {isa = PBXFileReference; lastKnownFileType = image.png; path = timer5.png; sourceTree = "<group>"; };
		82DA50EF181A1E2D00D0EF9A /* t_noflash.png */ = {isa = PBXFileReference; lastKnownFileType = image.png; path = t_noflash.png; sourceTree = "<group>"; };
		82DA50F0181A1E2D00D0EF9A /* Chip.png */ = {isa = PBXFileReference; lastKnownFileType = image.png; path = Chip.png; sourceTree = "<group>"; };
		82DA50F1181A1E2D00D0EF9A /* exchange32.png */ = {isa = PBXFileReference; lastKnownFileType = image.png; path = exchange32.png; sourceTree = "<group>"; };
		82DA50F2181A1E2D00D0EF9A /* filmroll.png */ = {isa = PBXFileReference; lastKnownFileType = image.png; path = filmroll.png; sourceTree = "<group>"; };
		82DA50F3181A1E2D00D0EF9A /* flash_24.png */ = {isa = PBXFileReference; lastKnownFileType = image.png; path = flash_24.png; sourceTree = "<group>"; };
		82DA50F4181A1E2D00D0EF9A /* Paper airplane.png */ = {isa = PBXFileReference; lastKnownFileType = image.png; path = "Paper airplane.png"; sourceTree = "<group>"; };
		82DA50F5181A1E2D00D0EF9A /* t_autoflash.png */ = {isa = PBXFileReference; lastKnownFileType = image.png; path = t_autoflash.png; sourceTree = "<group>"; };
		82DA50F6181A1E2D00D0EF9A /* t_flash.png */ = {isa = PBXFileReference; lastKnownFileType = image.png; path = t_flash.png; sourceTree = "<group>"; };
		82DA5104181A1E4900D0EF9A /* oldpaper1.jpg */ = {isa = PBXFileReference; lastKnownFileType = image.jpeg; path = oldpaper1.jpg; sourceTree = "<group>"; };
		82DA5105181A1E4900D0EF9A /* oldpaper1.png */ = {isa = PBXFileReference; lastKnownFileType = image.png; path = oldpaper1.png; sourceTree = "<group>"; };
		82DA5106181A1E4900D0EF9A /* oldpaper2.png */ = {isa = PBXFileReference; lastKnownFileType = image.png; path = oldpaper2.png; sourceTree = "<group>"; };
		82DA5107181A1E4900D0EF9A /* oldpaper3.png */ = {isa = PBXFileReference; lastKnownFileType = image.png; path = oldpaper3.png; sourceTree = "<group>"; };
		82DA5108181A1E4900D0EF9A /* oldpaper4.png */ = {isa = PBXFileReference; lastKnownFileType = image.png; path = oldpaper4.png; sourceTree = "<group>"; };
		82DA5109181A1E4900D0EF9A /* oldpaper2.jpg */ = {isa = PBXFileReference; lastKnownFileType = image.jpeg; path = oldpaper2.jpg; sourceTree = "<group>"; };
		82DA510A181A1E4900D0EF9A /* oldpaper3.jpg */ = {isa = PBXFileReference; lastKnownFileType = image.jpeg; path = oldpaper3.jpg; sourceTree = "<group>"; };
		82DA510B181A1E4900D0EF9A /* oldpaper4.jpg */ = {isa = PBXFileReference; lastKnownFileType = image.jpeg; path = oldpaper4.jpg; sourceTree = "<group>"; };
		82DA510C181A1E4900D0EF9A /* wooden.png */ = {isa = PBXFileReference; lastKnownFileType = image.png; path = wooden.png; sourceTree = "<group>"; };
		82DA510D181A1E4900D0EF9A /* amaro.jpg */ = {isa = PBXFileReference; lastKnownFileType = image.jpeg; path = amaro.jpg; sourceTree = "<group>"; };
		82DA510E181A1E4900D0EF9A /* amaro.png */ = {isa = PBXFileReference; lastKnownFileType = image.png; path = amaro.png; sourceTree = "<group>"; };
		82DA510F181A1E4900D0EF9A /* nashville.png */ = {isa = PBXFileReference; lastKnownFileType = image.png; path = nashville.png; sourceTree = "<group>"; };
		82DA511D181A1E6500D0EF9A /* frame00_s_thumb.png */ = {isa = PBXFileReference; lastKnownFileType = image.png; path = frame00_s_thumb.png; sourceTree = "<group>"; };
		82DA511E181A1E6500D0EF9A /* frame00.png */ = {isa = PBXFileReference; lastKnownFileType = image.png; path = frame00.png; sourceTree = "<group>"; };
		82DA511F181A1E6500D0EF9A /* frame00thumb.png */ = {isa = PBXFileReference; lastKnownFileType = image.png; path = frame00thumb.png; sourceTree = "<group>"; };
		82DA5120181A1E6500D0EF9A /* frame01_s_thumb.png */ = {isa = PBXFileReference; lastKnownFileType = image.png; path = frame01_s_thumb.png; sourceTree = "<group>"; };
		82DA5121181A1E6500D0EF9A /* frame01.png */ = {isa = PBXFileReference; lastKnownFileType = image.png; path = frame01.png; sourceTree = "<group>"; };
		82DA5122181A1E6500D0EF9A /* frame01thumb.png */ = {isa = PBXFileReference; lastKnownFileType = image.png; path = frame01thumb.png; sourceTree = "<group>"; };
		82DA5123181A1E6500D0EF9A /* frame02_s_thumb.png */ = {isa = PBXFileReference; lastKnownFileType = image.png; path = frame02_s_thumb.png; sourceTree = "<group>"; };
		82DA5124181A1E6500D0EF9A /* frame02.png */ = {isa = PBXFileReference; lastKnownFileType = image.png; path = frame02.png; sourceTree = "<group>"; };
		82DA5125181A1E6500D0EF9A /* frame02thumb.png */ = {isa = PBXFileReference; lastKnownFileType = image.png; path = frame02thumb.png; sourceTree = "<group>"; };
		82DA5126181A1E6500D0EF9A /* frame03_s_thumb.png */ = {isa = PBXFileReference; lastKnownFileType = image.png; path = frame03_s_thumb.png; sourceTree = "<group>"; };
		82DA5127181A1E6500D0EF9A /* frame03.png */ = {isa = PBXFileReference; lastKnownFileType = image.png; path = frame03.png; sourceTree = "<group>"; };
		82DA5128181A1E6500D0EF9A /* frame03thumb.png */ = {isa = PBXFileReference; lastKnownFileType = image.png; path = frame03thumb.png; sourceTree = "<group>"; };
		82DA5129181A1E6500D0EF9A /* frame04_s_thumb.png */ = {isa = PBXFileReference; lastKnownFileType = image.png; path = frame04_s_thumb.png; sourceTree = "<group>"; };
		82DA512A181A1E6500D0EF9A /* frame04.png */ = {isa = PBXFileReference; lastKnownFileType = image.png; path = frame04.png; sourceTree = "<group>"; };
		82DA512B181A1E6500D0EF9A /* frame04thumb.png */ = {isa = PBXFileReference; lastKnownFileType = image.png; path = frame04thumb.png; sourceTree = "<group>"; };
		82DA512C181A1E6500D0EF9A /* frame05_s_thumb.png */ = {isa = PBXFileReference; lastKnownFileType = image.png; path = frame05_s_thumb.png; sourceTree = "<group>"; };
		82DA512D181A1E6500D0EF9A /* frame05.png */ = {isa = PBXFileReference; lastKnownFileType = image.png; path = frame05.png; sourceTree = "<group>"; };
		82DA512E181A1E6500D0EF9A /* frame05thumb.png */ = {isa = PBXFileReference; lastKnownFileType = image.png; path = frame05thumb.png; sourceTree = "<group>"; };
		82DA512F181A1E6500D0EF9A /* frame06_s_thumb.png */ = {isa = PBXFileReference; lastKnownFileType = image.png; path = frame06_s_thumb.png; sourceTree = "<group>"; };
		82DA5130181A1E6500D0EF9A /* frame06.png */ = {isa = PBXFileReference; lastKnownFileType = image.png; path = frame06.png; sourceTree = "<group>"; };
		82DA5131181A1E6500D0EF9A /* frame06thumb.png */ = {isa = PBXFileReference; lastKnownFileType = image.png; path = frame06thumb.png; sourceTree = "<group>"; };
		82DA5132181A1E6500D0EF9A /* frame07_s_thumb.png */ = {isa = PBXFileReference; lastKnownFileType = image.png; path = frame07_s_thumb.png; sourceTree = "<group>"; };
		82DA5133181A1E6500D0EF9A /* frame07.png */ = {isa = PBXFileReference; lastKnownFileType = image.png; path = frame07.png; sourceTree = "<group>"; };
		82DA5134181A1E6500D0EF9A /* frame07thumb.png */ = {isa = PBXFileReference; lastKnownFileType = image.png; path = frame07thumb.png; sourceTree = "<group>"; };
		82DA5135181A1E6500D0EF9A /* frame08_s_thumb.png */ = {isa = PBXFileReference; lastKnownFileType = image.png; path = frame08_s_thumb.png; sourceTree = "<group>"; };
		82DA5136181A1E6500D0EF9A /* frame08.png */ = {isa = PBXFileReference; lastKnownFileType = image.png; path = frame08.png; sourceTree = "<group>"; };
		82DA5137181A1E6500D0EF9A /* frame08thumb.png */ = {isa = PBXFileReference; lastKnownFileType = image.png; path = frame08thumb.png; sourceTree = "<group>"; };
		82DA5138181A1E6500D0EF9A /* frame09_s_thumb.png */ = {isa = PBXFileReference; lastKnownFileType = image.png; path = frame09_s_thumb.png; sourceTree = "<group>"; };
		82DA5139181A1E6500D0EF9A /* frame09.png */ = {isa = PBXFileReference; lastKnownFileType = image.png; path = frame09.png; sourceTree = "<group>"; };
		82DA513A181A1E6500D0EF9A /* frame09thumb.png */ = {isa = PBXFileReference; lastKnownFileType = image.png; path = frame09thumb.png; sourceTree = "<group>"; };
		82DA513B181A1E6500D0EF9A /* frame10_s_thumb.png */ = {isa = PBXFileReference; lastKnownFileType = image.png; path = frame10_s_thumb.png; sourceTree = "<group>"; };
		82DA513C181A1E6500D0EF9A /* frame10.png */ = {isa = PBXFileReference; lastKnownFileType = image.png; path = frame10.png; sourceTree = "<group>"; };
		82DA513D181A1E6500D0EF9A /* frame10thumb.png */ = {isa = PBXFileReference; lastKnownFileType = image.png; path = frame10thumb.png; sourceTree = "<group>"; };
		82DA513E181A1E6500D0EF9A /* frame11_s_thumb.png */ = {isa = PBXFileReference; lastKnownFileType = image.png; path = frame11_s_thumb.png; sourceTree = "<group>"; };
		82DA513F181A1E6500D0EF9A /* frame11.png */ = {isa = PBXFileReference; lastKnownFileType = image.png; path = frame11.png; sourceTree = "<group>"; };
		82DA5140181A1E6500D0EF9A /* frame11thumb.png */ = {isa = PBXFileReference; lastKnownFileType = image.png; path = frame11thumb.png; sourceTree = "<group>"; };
		82DA5141181A1E6500D0EF9A /* frame12_s_thumb.png */ = {isa = PBXFileReference; lastKnownFileType = image.png; path = frame12_s_thumb.png; sourceTree = "<group>"; };
		82DA5142181A1E6500D0EF9A /* frame12.png */ = {isa = PBXFileReference; lastKnownFileType = image.png; path = frame12.png; sourceTree = "<group>"; };
		82DA5143181A1E6500D0EF9A /* frame12thumb.png */ = {isa = PBXFileReference; lastKnownFileType = image.png; path = frame12thumb.png; sourceTree = "<group>"; };
		82DA5144181A1E6500D0EF9A /* frame13_s_thumb.png */ = {isa = PBXFileReference; lastKnownFileType = image.png; path = frame13_s_thumb.png; sourceTree = "<group>"; };
		82DA5145181A1E6500D0EF9A /* frame13.png */ = {isa = PBXFileReference; lastKnownFileType = image.png; path = frame13.png; sourceTree = "<group>"; };
		82DA5146181A1E6500D0EF9A /* frame13thumb.png */ = {isa = PBXFileReference; lastKnownFileType = image.png; path = frame13thumb.png; sourceTree = "<group>"; };
		82DA5147181A1E6500D0EF9A /* frame14_s_thumb.png */ = {isa = PBXFileReference; lastKnownFileType = image.png; path = frame14_s_thumb.png; sourceTree = "<group>"; };
		82DA5148181A1E6500D0EF9A /* frame14.png */ = {isa = PBXFileReference; lastKnownFileType = image.png; path = frame14.png; sourceTree = "<group>"; };
		82DA5149181A1E6500D0EF9A /* frame14thumb.png */ = {isa = PBXFileReference; lastKnownFileType = image.png; path = frame14thumb.png; sourceTree = "<group>"; };
		82DA514A181A1E6500D0EF9A /* frame15_s_thumb.png */ = {isa = PBXFileReference; lastKnownFileType = image.png; path = frame15_s_thumb.png; sourceTree = "<group>"; };
		82DA514B181A1E6500D0EF9A /* frame15.png */ = {isa = PBXFileReference; lastKnownFileType = image.png; path = frame15.png; sourceTree = "<group>"; };
		82DA514C181A1E6500D0EF9A /* frame15thumb.png */ = {isa = PBXFileReference; lastKnownFileType = image.png; path = frame15thumb.png; sourceTree = "<group>"; };
		82DA514D181A1E6500D0EF9A /* frame16_s_thumb.png */ = {isa = PBXFileReference; lastKnownFileType = image.png; path = frame16_s_thumb.png; sourceTree = "<group>"; };
		82DA514E181A1E6500D0EF9A /* frame16.png */ = {isa = PBXFileReference; lastKnownFileType = image.png; path = frame16.png; sourceTree = "<group>"; };
		82DA514F181A1E6500D0EF9A /* frame16thumb.png */ = {isa = PBXFileReference; lastKnownFileType = image.png; path = frame16thumb.png; sourceTree = "<group>"; };
		82DA5184181A1E7C00D0EF9A /* filter_s_amaro.png */ = {isa = PBXFileReference; lastKnownFileType = image.png; path = filter_s_amaro.png; sourceTree = "<group>"; };
		82DA5185181A1E7C00D0EF9A /* filter_s_bluewooden.png */ = {isa = PBXFileReference; lastKnownFileType = image.png; path = filter_s_bluewooden.png; sourceTree = "<group>"; };
		82DA5186181A1E7C00D0EF9A /* filter_s_default.png */ = {isa = PBXFileReference; lastKnownFileType = image.png; path = filter_s_default.png; sourceTree = "<group>"; };
		82DA5187181A1E7C00D0EF9A /* filter_s_emboss.png */ = {isa = PBXFileReference; lastKnownFileType = image.png; path = filter_s_emboss.png; sourceTree = "<group>"; };
		82DA5188181A1E7C00D0EF9A /* filter_s_gray.png */ = {isa = PBXFileReference; lastKnownFileType = image.png; path = filter_s_gray.png; sourceTree = "<group>"; };
		82DA5189181A1E7C00D0EF9A /* filter_s_ilford400.png */ = {isa = PBXFileReference; lastKnownFileType = image.png; path = filter_s_ilford400.png; sourceTree = "<group>"; };
		82DA518A181A1E7C00D0EF9A /* filter_s_invert.png */ = {isa = PBXFileReference; lastKnownFileType = image.png; path = filter_s_invert.png; sourceTree = "<group>"; };
		82DA518B181A1E7C00D0EF9A /* filter_s_lomo.png */ = {isa = PBXFileReference; lastKnownFileType = image.png; path = filter_s_lomo.png; sourceTree = "<group>"; };
		82DA518C181A1E7C00D0EF9A /* filter_s_lomoweird.png */ = {isa = PBXFileReference; lastKnownFileType = image.png; path = filter_s_lomoweird.png; sourceTree = "<group>"; };
		82DA518D181A1E7C00D0EF9A /* filter_s_nashville.png */ = {isa = PBXFileReference; lastKnownFileType = image.png; path = filter_s_nashville.png; sourceTree = "<group>"; };
		82DA518E181A1E7C00D0EF9A /* filter_s_old.png */ = {isa = PBXFileReference; lastKnownFileType = image.png; path = filter_s_old.png; sourceTree = "<group>"; };
		82DA518F181A1E7C00D0EF9A /* filter_s_oldblue.png */ = {isa = PBXFileReference; lastKnownFileType = image.png; path = filter_s_oldblue.png; sourceTree = "<group>"; };
		82DA5190181A1E7C00D0EF9A /* filter_s_olddarkpaper.png */ = {isa = PBXFileReference; lastKnownFileType = image.png; path = filter_s_olddarkpaper.png; sourceTree = "<group>"; };
		82DA5191181A1E7C00D0EF9A /* filter_s_oldgreen.png */ = {isa = PBXFileReference; lastKnownFileType = image.png; path = filter_s_oldgreen.png; sourceTree = "<group>"; };
		82DA5192181A1E7C00D0EF9A /* filter_s_oldpaper.png */ = {isa = PBXFileReference; lastKnownFileType = image.png; path = filter_s_oldpaper.png; sourceTree = "<group>"; };
		82DA5193181A1E7C00D0EF9A /* filter_s_sepia.png */ = {isa = PBXFileReference; lastKnownFileType = image.png; path = filter_s_sepia.png; sourceTree = "<group>"; };
		82DA5194181A1E7C00D0EF9A /* filter_s_sketch.png */ = {isa = PBXFileReference; lastKnownFileType = image.png; path = filter_s_sketch.png; sourceTree = "<group>"; };
		82DA5195181A1E7C00D0EF9A /* filter_s_toon.png */ = {isa = PBXFileReference; lastKnownFileType = image.png; path = filter_s_toon.png; sourceTree = "<group>"; };
		82DA5196181A1E7C00D0EF9A /* filter_sepia.png */ = {isa = PBXFileReference; lastKnownFileType = image.png; path = filter_sepia.png; sourceTree = "<group>"; };
		82DA5197181A1E7C00D0EF9A /* filter_sketch.png */ = {isa = PBXFileReference; lastKnownFileType = image.png; path = filter_sketch.png; sourceTree = "<group>"; };
		82DA5198181A1E7C00D0EF9A /* filter_toon.png */ = {isa = PBXFileReference; lastKnownFileType = image.png; path = filter_toon.png; sourceTree = "<group>"; };
		82DA5199181A1E7C00D0EF9A /* filter_amaro.png */ = {isa = PBXFileReference; lastKnownFileType = image.png; path = filter_amaro.png; sourceTree = "<group>"; };
		82DA519A181A1E7C00D0EF9A /* filter_bluewooden.png */ = {isa = PBXFileReference; lastKnownFileType = image.png; path = filter_bluewooden.png; sourceTree = "<group>"; };
		82DA519B181A1E7C00D0EF9A /* filter_default.png */ = {isa = PBXFileReference; lastKnownFileType = image.png; path = filter_default.png; sourceTree = "<group>"; };
		82DA519C181A1E7C00D0EF9A /* filter_emboss.png */ = {isa = PBXFileReference; lastKnownFileType = image.png; path = filter_emboss.png; sourceTree = "<group>"; };
		82DA519D181A1E7C00D0EF9A /* filter_gray.png */ = {isa = PBXFileReference; lastKnownFileType = image.png; path = filter_gray.png; sourceTree = "<group>"; };
		82DA519E181A1E7C00D0EF9A /* filter_ilford400.png */ = {isa = PBXFileReference; lastKnownFileType = image.png; path = filter_ilford400.png; sourceTree = "<group>"; };
		82DA519F181A1E7C00D0EF9A /* filter_invert.png */ = {isa = PBXFileReference; lastKnownFileType = image.png; path = filter_invert.png; sourceTree = "<group>"; };
		82DA51A0181A1E7C00D0EF9A /* filter_lomo.png */ = {isa = PBXFileReference; lastKnownFileType = image.png; path = filter_lomo.png; sourceTree = "<group>"; };
		82DA51A1181A1E7C00D0EF9A /* filter_lomoweird.png */ = {isa = PBXFileReference; lastKnownFileType = image.png; path = filter_lomoweird.png; sourceTree = "<group>"; };
		82DA51A2181A1E7C00D0EF9A /* filter_nashville.png */ = {isa = PBXFileReference; lastKnownFileType = image.png; path = filter_nashville.png; sourceTree = "<group>"; };
		82DA51A3181A1E7C00D0EF9A /* filter_old.png */ = {isa = PBXFileReference; lastKnownFileType = image.png; path = filter_old.png; sourceTree = "<group>"; };
		82DA51A4181A1E7C00D0EF9A /* filter_oldblue.png */ = {isa = PBXFileReference; lastKnownFileType = image.png; path = filter_oldblue.png; sourceTree = "<group>"; };
		82DA51A5181A1E7C00D0EF9A /* filter_olddarkpaper.png */ = {isa = PBXFileReference; lastKnownFileType = image.png; path = filter_olddarkpaper.png; sourceTree = "<group>"; };
		82DA51A6181A1E7C00D0EF9A /* filter_oldgreen.png */ = {isa = PBXFileReference; lastKnownFileType = image.png; path = filter_oldgreen.png; sourceTree = "<group>"; };
		82DA51A7181A1E7C00D0EF9A /* filter_oldpaper.png */ = {isa = PBXFileReference; lastKnownFileType = image.png; path = filter_oldpaper.png; sourceTree = "<group>"; };
/* End PBXFileReference section */

/* Begin PBXFrameworksBuildPhase section */
		82A296F2181A043F00E5CCFE /* Frameworks */ = {
			isa = PBXFrameworksBuildPhase;
			buildActionMask = 2147483647;
			files = (
				82A296FB181A043F00E5CCFE /* CoreGraphics.framework in Frameworks */,
				82A296FD181A043F00E5CCFE /* UIKit.framework in Frameworks */,
				82A296F9181A043F00E5CCFE /* Foundation.framework in Frameworks */,
			);
			runOnlyForDeploymentPostprocessing = 0;
		};
		82A29713181A043F00E5CCFE /* Frameworks */ = {
			isa = PBXFrameworksBuildPhase;
			buildActionMask = 2147483647;
			files = (
				82A29718181A043F00E5CCFE /* XCTest.framework in Frameworks */,
				82A2971A181A043F00E5CCFE /* UIKit.framework in Frameworks */,
				82A29719181A043F00E5CCFE /* Foundation.framework in Frameworks */,
			);
			runOnlyForDeploymentPostprocessing = 0;
		};
/* End PBXFrameworksBuildPhase section */

/* Begin PBXGroup section */
		82A296EC181A043F00E5CCFE = {
			isa = PBXGroup;
			children = (
				82A2972F181A048D00E5CCFE /* LICENSE */,
				82A2972D181A046A00E5CCFE /* .gitignore */,
				82A296FE181A043F00E5CCFE /* EasyPhoto */,
				82A2971D181A043F00E5CCFE /* EasyPhotoTests */,
				82A296F7181A043F00E5CCFE /* Frameworks */,
				82A296F6181A043F00E5CCFE /* Products */,
			);
			sourceTree = "<group>";
		};
		82A296F6181A043F00E5CCFE /* Products */ = {
			isa = PBXGroup;
			children = (
				82A296F5181A043F00E5CCFE /* EasyPhoto.app */,
				82A29716181A043F00E5CCFE /* EasyPhotoTests.xctest */,
			);
			name = Products;
			sourceTree = "<group>";
		};
		82A296F7181A043F00E5CCFE /* Frameworks */ = {
			isa = PBXGroup;
			children = (
				82DA50C9181A1D6000D0EF9A /* GPUImage.xcodeproj */,
				82A296F8181A043F00E5CCFE /* Foundation.framework */,
				82A296FA181A043F00E5CCFE /* CoreGraphics.framework */,
				82A296FC181A043F00E5CCFE /* UIKit.framework */,
				82A29717181A043F00E5CCFE /* XCTest.framework */,
			);
			name = Frameworks;
			sourceTree = "<group>";
		};
		82A296FE181A043F00E5CCFE /* EasyPhoto */ = {
			isa = PBXGroup;
			children = (
				82DA50D3181A1DF500D0EF9A /* Resources */,
				82A29707181A043F00E5CCFE /* EasyPhotoAppDelegate.h */,
				82A29708181A043F00E5CCFE /* EasyPhotoAppDelegate.m */,
				82A2970A181A043F00E5CCFE /* Main.storyboard */,
				82A2970D181A043F00E5CCFE /* EasyPhotoViewController.h */,
				82A2970E181A043F00E5CCFE /* EasyPhotoViewController.m */,
				82A29710181A043F00E5CCFE /* Images.xcassets */,
				82A296FF181A043F00E5CCFE /* Supporting Files */,
			);
			path = EasyPhoto;
			sourceTree = "<group>";
		};
		82A296FF181A043F00E5CCFE /* Supporting Files */ = {
			isa = PBXGroup;
			children = (
				82A29700181A043F00E5CCFE /* EasyPhoto-Info.plist */,
				82A29701181A043F00E5CCFE /* InfoPlist.strings */,
				82A29704181A043F00E5CCFE /* main.m */,
				82A29706181A043F00E5CCFE /* EasyPhoto-Prefix.pch */,
			);
			name = "Supporting Files";
			sourceTree = "<group>";
		};
		82A2971D181A043F00E5CCFE /* EasyPhotoTests */ = {
			isa = PBXGroup;
			children = (
				82A29723181A043F00E5CCFE /* EasyPhotoTests.m */,
				82A2971E181A043F00E5CCFE /* Supporting Files */,
			);
			path = EasyPhotoTests;
			sourceTree = "<group>";
		};
		82A2971E181A043F00E5CCFE /* Supporting Files */ = {
			isa = PBXGroup;
			children = (
				82A2971F181A043F00E5CCFE /* EasyPhotoTests-Info.plist */,
				82A29720181A043F00E5CCFE /* InfoPlist.strings */,
			);
			name = "Supporting Files";
			sourceTree = "<group>";
		};
		82DA50CA181A1D6000D0EF9A /* Products */ = {
			isa = PBXGroup;
			children = (
				82DA50D0181A1D6000D0EF9A /* libGPUImage.a */,
				82DA50D2181A1D6000D0EF9A /* GPUImageTests.octest */,
			);
			name = Products;
			sourceTree = "<group>";
		};
		82DA50D3181A1DF500D0EF9A /* Resources */ = {
			isa = PBXGroup;
			children = (
				82DA5183181A1E6E00D0EF9A /* FilterIcons */,
				82DA511C181A1E5500D0EF9A /* FrameIcons */,
				82DA5103181A1E3A00D0EF9A /* Filter_Background */,
				82DA50EA181A1E2000D0EF9A /* Toolbar */,
				82DA50D4181A1E0900D0EF9A /* camera.png */,
				82DA50D5181A1E0900D0EF9A /* Dashboard Highlight.png */,
				82DA50D6181A1E0900D0EF9A /* Dashboard.png */,
				82DA50D7181A1E0900D0EF9A /* toolbar-gradient.png */,
				82DA50D8181A1E0900D0EF9A /* Postage Stamp Highlight.png */,
				82DA50D9181A1E0900D0EF9A /* Postage Stamp.png */,
				82DA50DA181A1E0900D0EF9A /* background.jpg */,
				82DA50DB181A1E0900D0EF9A /* banner_ample.png */,
				82DA50DC181A1E0900D0EF9A /* camera-button-depressed.png */,
				82DA50DD181A1E0900D0EF9A /* camera-button.png */,
				82DA50DE181A1E0900D0EF9A /* focus.gif */,
			);
			name = Resources;
			sourceTree = "<group>";
		};
		82DA50EA181A1E2000D0EF9A /* Toolbar */ = {
			isa = PBXGroup;
			children = (
				82DA50EB181A1E2D00D0EF9A /* timer10.png */,
				82DA50EC181A1E2D00D0EF9A /* timer2.png */,
				82DA50ED181A1E2D00D0EF9A /* timerno.png */,
				82DA50EE181A1E2D00D0EF9A /* timer5.png */,
				82DA50EF181A1E2D00D0EF9A /* t_noflash.png */,
				82DA50F0181A1E2D00D0EF9A /* Chip.png */,
				82DA50F1181A1E2D00D0EF9A /* exchange32.png */,
				82DA50F2181A1E2D00D0EF9A /* filmroll.png */,
				82DA50F3181A1E2D00D0EF9A /* flash_24.png */,
				82DA50F4181A1E2D00D0EF9A /* Paper airplane.png */,
				82DA50F5181A1E2D00D0EF9A /* t_autoflash.png */,
				82DA50F6181A1E2D00D0EF9A /* t_flash.png */,
			);
			name = Toolbar;
			sourceTree = "<group>";
		};
		82DA5103181A1E3A00D0EF9A /* Filter_Background */ = {
			isa = PBXGroup;
			children = (
				82DA5104181A1E4900D0EF9A /* oldpaper1.jpg */,
				82DA5105181A1E4900D0EF9A /* oldpaper1.png */,
				82DA5106181A1E4900D0EF9A /* oldpaper2.png */,
				82DA5107181A1E4900D0EF9A /* oldpaper3.png */,
				82DA5108181A1E4900D0EF9A /* oldpaper4.png */,
				82DA5109181A1E4900D0EF9A /* oldpaper2.jpg */,
				82DA510A181A1E4900D0EF9A /* oldpaper3.jpg */,
				82DA510B181A1E4900D0EF9A /* oldpaper4.jpg */,
				82DA510C181A1E4900D0EF9A /* wooden.png */,
				82DA510D181A1E4900D0EF9A /* amaro.jpg */,
				82DA510E181A1E4900D0EF9A /* amaro.png */,
				82DA510F181A1E4900D0EF9A /* nashville.png */,
			);
			name = Filter_Background;
			sourceTree = "<group>";
		};
		82DA511C181A1E5500D0EF9A /* FrameIcons */ = {
			isa = PBXGroup;
			children = (
				82DA511D181A1E6500D0EF9A /* frame00_s_thumb.png */,
				82DA511E181A1E6500D0EF9A /* frame00.png */,
				82DA511F181A1E6500D0EF9A /* frame00thumb.png */,
				82DA5120181A1E6500D0EF9A /* frame01_s_thumb.png */,
				82DA5121181A1E6500D0EF9A /* frame01.png */,
				82DA5122181A1E6500D0EF9A /* frame01thumb.png */,
				82DA5123181A1E6500D0EF9A /* frame02_s_thumb.png */,
				82DA5124181A1E6500D0EF9A /* frame02.png */,
				82DA5125181A1E6500D0EF9A /* frame02thumb.png */,
				82DA5126181A1E6500D0EF9A /* frame03_s_thumb.png */,
				82DA5127181A1E6500D0EF9A /* frame03.png */,
				82DA5128181A1E6500D0EF9A /* frame03thumb.png */,
				82DA5129181A1E6500D0EF9A /* frame04_s_thumb.png */,
				82DA512A181A1E6500D0EF9A /* frame04.png */,
				82DA512B181A1E6500D0EF9A /* frame04thumb.png */,
				82DA512C181A1E6500D0EF9A /* frame05_s_thumb.png */,
				82DA512D181A1E6500D0EF9A /* frame05.png */,
				82DA512E181A1E6500D0EF9A /* frame05thumb.png */,
				82DA512F181A1E6500D0EF9A /* frame06_s_thumb.png */,
				82DA5130181A1E6500D0EF9A /* frame06.png */,
				82DA5131181A1E6500D0EF9A /* frame06thumb.png */,
				82DA5132181A1E6500D0EF9A /* frame07_s_thumb.png */,
				82DA5133181A1E6500D0EF9A /* frame07.png */,
				82DA5134181A1E6500D0EF9A /* frame07thumb.png */,
				82DA5135181A1E6500D0EF9A /* frame08_s_thumb.png */,
				82DA5136181A1E6500D0EF9A /* frame08.png */,
				82DA5137181A1E6500D0EF9A /* frame08thumb.png */,
				82DA5138181A1E6500D0EF9A /* frame09_s_thumb.png */,
				82DA5139181A1E6500D0EF9A /* frame09.png */,
				82DA513A181A1E6500D0EF9A /* frame09thumb.png */,
				82DA513B181A1E6500D0EF9A /* frame10_s_thumb.png */,
				82DA513C181A1E6500D0EF9A /* frame10.png */,
				82DA513D181A1E6500D0EF9A /* frame10thumb.png */,
				82DA513E181A1E6500D0EF9A /* frame11_s_thumb.png */,
				82DA513F181A1E6500D0EF9A /* frame11.png */,
				82DA5140181A1E6500D0EF9A /* frame11thumb.png */,
				82DA5141181A1E6500D0EF9A /* frame12_s_thumb.png */,
				82DA5142181A1E6500D0EF9A /* frame12.png */,
				82DA5143181A1E6500D0EF9A /* frame12thumb.png */,
				82DA5144181A1E6500D0EF9A /* frame13_s_thumb.png */,
				82DA5145181A1E6500D0EF9A /* frame13.png */,
				82DA5146181A1E6500D0EF9A /* frame13thumb.png */,
				82DA5147181A1E6500D0EF9A /* frame14_s_thumb.png */,
				82DA5148181A1E6500D0EF9A /* frame14.png */,
				82DA5149181A1E6500D0EF9A /* frame14thumb.png */,
				82DA514A181A1E6500D0EF9A /* frame15_s_thumb.png */,
				82DA514B181A1E6500D0EF9A /* frame15.png */,
				82DA514C181A1E6500D0EF9A /* frame15thumb.png */,
				82DA514D181A1E6500D0EF9A /* frame16_s_thumb.png */,
				82DA514E181A1E6500D0EF9A /* frame16.png */,
				82DA514F181A1E6500D0EF9A /* frame16thumb.png */,
			);
			name = FrameIcons;
			sourceTree = "<group>";
		};
		82DA5183181A1E6E00D0EF9A /* FilterIcons */ = {
			isa = PBXGroup;
			children = (
				82DA5184181A1E7C00D0EF9A /* filter_s_amaro.png */,
				82DA5185181A1E7C00D0EF9A /* filter_s_bluewooden.png */,
				82DA5186181A1E7C00D0EF9A /* filter_s_default.png */,
				82DA5187181A1E7C00D0EF9A /* filter_s_emboss.png */,
				82DA5188181A1E7C00D0EF9A /* filter_s_gray.png */,
				82DA5189181A1E7C00D0EF9A /* filter_s_ilford400.png */,
				82DA518A181A1E7C00D0EF9A /* filter_s_invert.png */,
				82DA518B181A1E7C00D0EF9A /* filter_s_lomo.png */,
				82DA518C181A1E7C00D0EF9A /* filter_s_lomoweird.png */,
				82DA518D181A1E7C00D0EF9A /* filter_s_nashville.png */,
				82DA518E181A1E7C00D0EF9A /* filter_s_old.png */,
				82DA518F181A1E7C00D0EF9A /* filter_s_oldblue.png */,
				82DA5190181A1E7C00D0EF9A /* filter_s_olddarkpaper.png */,
				82DA5191181A1E7C00D0EF9A /* filter_s_oldgreen.png */,
				82DA5192181A1E7C00D0EF9A /* filter_s_oldpaper.png */,
				82DA5193181A1E7C00D0EF9A /* filter_s_sepia.png */,
				82DA5194181A1E7C00D0EF9A /* filter_s_sketch.png */,
				82DA5195181A1E7C00D0EF9A /* filter_s_toon.png */,
				82DA5196181A1E7C00D0EF9A /* filter_sepia.png */,
				82DA5197181A1E7C00D0EF9A /* filter_sketch.png */,
				82DA5198181A1E7C00D0EF9A /* filter_toon.png */,
				82DA5199181A1E7C00D0EF9A /* filter_amaro.png */,
				82DA519A181A1E7C00D0EF9A /* filter_bluewooden.png */,
				82DA519B181A1E7C00D0EF9A /* filter_default.png */,
				82DA519C181A1E7C00D0EF9A /* filter_emboss.png */,
				82DA519D181A1E7C00D0EF9A /* filter_gray.png */,
				82DA519E181A1E7C00D0EF9A /* filter_ilford400.png */,
				82DA519F181A1E7C00D0EF9A /* filter_invert.png */,
				82DA51A0181A1E7C00D0EF9A /* filter_lomo.png */,
				82DA51A1181A1E7C00D0EF9A /* filter_lomoweird.png */,
				82DA51A2181A1E7C00D0EF9A /* filter_nashville.png */,
				82DA51A3181A1E7C00D0EF9A /* filter_old.png */,
				82DA51A4181A1E7C00D0EF9A /* filter_oldblue.png */,
				82DA51A5181A1E7C00D0EF9A /* filter_olddarkpaper.png */,
				82DA51A6181A1E7C00D0EF9A /* filter_oldgreen.png */,
				82DA51A7181A1E7C00D0EF9A /* filter_oldpaper.png */,
			);
			name = FilterIcons;
			sourceTree = "<group>";
		};
/* End PBXGroup section */

/* Begin PBXNativeTarget section */
		82A296F4181A043F00E5CCFE /* EasyPhoto */ = {
			isa = PBXNativeTarget;
			buildConfigurationList = 82A29727181A043F00E5CCFE /* Build configuration list for PBXNativeTarget "EasyPhoto" */;
			buildPhases = (
				82A296F1181A043F00E5CCFE /* Sources */,
				82A296F2181A043F00E5CCFE /* Frameworks */,
				82A296F3181A043F00E5CCFE /* Resources */,
			);
			buildRules = (
			);
			dependencies = (
			);
			name = EasyPhoto;
			productName = EasyPhoto;
			productReference = 82A296F5181A043F00E5CCFE /* EasyPhoto.app */;
			productType = "com.apple.product-type.application";
		};
		82A29715181A043F00E5CCFE /* EasyPhotoTests */ = {
			isa = PBXNativeTarget;
			buildConfigurationList = 82A2972A181A043F00E5CCFE /* Build configuration list for PBXNativeTarget "EasyPhotoTests" */;
			buildPhases = (
				82A29712181A043F00E5CCFE /* Sources */,
				82A29713181A043F00E5CCFE /* Frameworks */,
				82A29714181A043F00E5CCFE /* Resources */,
			);
			buildRules = (
			);
			dependencies = (
				82A2971C181A043F00E5CCFE /* PBXTargetDependency */,
			);
			name = EasyPhotoTests;
			productName = EasyPhotoTests;
			productReference = 82A29716181A043F00E5CCFE /* EasyPhotoTests.xctest */;
			productType = "com.apple.product-type.bundle.unit-test";
		};
/* End PBXNativeTarget section */

/* Begin PBXProject section */
		82A296ED181A043F00E5CCFE /* Project object */ = {
			isa = PBXProject;
			attributes = {
				CLASSPREFIX = EasyPhoto;
				LastUpgradeCheck = 0500;
				ORGANIZATIONNAME = "Sungju Kwon";
				TargetAttributes = {
					82A29715181A043F00E5CCFE = {
						TestTargetID = 82A296F4181A043F00E5CCFE;
					};
				};
			};
			buildConfigurationList = 82A296F0181A043F00E5CCFE /* Build configuration list for PBXProject "EasyPhoto" */;
			compatibilityVersion = "Xcode 3.2";
			developmentRegion = English;
			hasScannedForEncodings = 0;
			knownRegions = (
				en,
				Base,
			);
			mainGroup = 82A296EC181A043F00E5CCFE;
			productRefGroup = 82A296F6181A043F00E5CCFE /* Products */;
			projectDirPath = "";
			projectReferences = (
				{
					ProductGroup = 82DA50CA181A1D6000D0EF9A /* Products */;
					ProjectRef = 82DA50C9181A1D6000D0EF9A /* GPUImage.xcodeproj */;
				},
			);
			projectRoot = "";
			targets = (
				82A296F4181A043F00E5CCFE /* EasyPhoto */,
				82A29715181A043F00E5CCFE /* EasyPhotoTests */,
			);
		};
/* End PBXProject section */

/* Begin PBXReferenceProxy section */
		82DA50D0181A1D6000D0EF9A /* libGPUImage.a */ = {
			isa = PBXReferenceProxy;
			fileType = archive.ar;
			path = libGPUImage.a;
			remoteRef = 82DA50CF181A1D6000D0EF9A /* PBXContainerItemProxy */;
			sourceTree = BUILT_PRODUCTS_DIR;
		};
		82DA50D2181A1D6000D0EF9A /* GPUImageTests.octest */ = {
			isa = PBXReferenceProxy;
			fileType = wrapper.cfbundle;
			path = GPUImageTests.octest;
			remoteRef = 82DA50D1181A1D6000D0EF9A /* PBXContainerItemProxy */;
			sourceTree = BUILT_PRODUCTS_DIR;
		};
/* End PBXReferenceProxy section */

/* Begin PBXResourcesBuildPhase section */
		82A296F3181A043F00E5CCFE /* Resources */ = {
			isa = PBXResourcesBuildPhase;
			buildActionMask = 2147483647;
			files = (
				82DA50E1181A1E0900D0EF9A /* Dashboard.png in Resources */,
				82DA51C7181A1E7C00D0EF9A /* filter_old.png in Resources */,
				82DA5161181A1E6500D0EF9A /* frame05thumb.png in Resources */,
				82DA50E0181A1E0900D0EF9A /* Dashboard Highlight.png in Resources */,
				82DA50E3181A1E0900D0EF9A /* Postage Stamp Highlight.png in Resources */,
				82DA51B4181A1E7C00D0EF9A /* filter_s_olddarkpaper.png in Resources */,
				82DA51CB181A1E7C00D0EF9A /* filter_oldpaper.png in Resources */,
				82DA5175181A1E6500D0EF9A /* frame12.png in Resources */,
				82DA51C4181A1E7C00D0EF9A /* filter_lomo.png in Resources */,
				82DA5114181A1E4900D0EF9A /* oldpaper4.png in Resources */,
				82DA5177181A1E6500D0EF9A /* frame13_s_thumb.png in Resources */,
				82DA51B3181A1E7C00D0EF9A /* filter_s_oldblue.png in Resources */,
				82DA5118181A1E4900D0EF9A /* wooden.png in Resources */,
				82DA50FC181A1E2D00D0EF9A /* Chip.png in Resources */,
				82DA5156181A1E6500D0EF9A /* frame02_s_thumb.png in Resources */,
				82DA517E181A1E6500D0EF9A /* frame15.png in Resources */,
				82DA5162181A1E6500D0EF9A /* frame06_s_thumb.png in Resources */,
				82DA516D181A1E6500D0EF9A /* frame09thumb.png in Resources */,
				82DA51BE181A1E7C00D0EF9A /* filter_bluewooden.png in Resources */,
				82DA515F181A1E6500D0EF9A /* frame05_s_thumb.png in Resources */,
				82DA5168181A1E6500D0EF9A /* frame08_s_thumb.png in Resources */,
				82DA50FA181A1E2D00D0EF9A /* timer5.png in Resources */,
				82DA5158181A1E6500D0EF9A /* frame02thumb.png in Resources */,
				82DA5169181A1E6500D0EF9A /* frame08.png in Resources */,
				82DA5153181A1E6500D0EF9A /* frame01_s_thumb.png in Resources */,
				82A2972E181A046A00E5CCFE /* .gitignore in Resources */,
				82DA517A181A1E6500D0EF9A /* frame14_s_thumb.png in Resources */,
				82DA51AB181A1E7C00D0EF9A /* filter_s_emboss.png in Resources */,
				82DA5111181A1E4900D0EF9A /* oldpaper1.png in Resources */,
				82DA5181181A1E6500D0EF9A /* frame16.png in Resources */,
				82DA5160181A1E6500D0EF9A /* frame05.png in Resources */,
				82DA51C2181A1E7C00D0EF9A /* filter_ilford400.png in Resources */,
				82DA517B181A1E6500D0EF9A /* frame14.png in Resources */,
				82DA5166181A1E6500D0EF9A /* frame07.png in Resources */,
				82DA5170181A1E6500D0EF9A /* frame10thumb.png in Resources */,
				82DA5150181A1E6500D0EF9A /* frame00_s_thumb.png in Resources */,
				82DA5172181A1E6500D0EF9A /* frame11.png in Resources */,
				82DA50E7181A1E0900D0EF9A /* camera-button-depressed.png in Resources */,
				82DA50FB181A1E2D00D0EF9A /* t_noflash.png in Resources */,
				82DA5163181A1E6500D0EF9A /* frame06.png in Resources */,
				82DA51A9181A1E7C00D0EF9A /* filter_s_bluewooden.png in Resources */,
				82DA51BD181A1E7C00D0EF9A /* filter_amaro.png in Resources */,
				82DA516B181A1E6500D0EF9A /* frame09_s_thumb.png in Resources */,
				82DA51C1181A1E7C00D0EF9A /* filter_gray.png in Resources */,
				82DA5167181A1E6500D0EF9A /* frame07thumb.png in Resources */,
				82DA50E6181A1E0900D0EF9A /* banner_ample.png in Resources */,
				82DA515E181A1E6500D0EF9A /* frame04thumb.png in Resources */,
				82DA51B0181A1E7C00D0EF9A /* filter_s_lomoweird.png in Resources */,
				82DA515A181A1E6500D0EF9A /* frame03.png in Resources */,
				82DA5113181A1E4900D0EF9A /* oldpaper3.png in Resources */,
				82DA51B2181A1E7C00D0EF9A /* filter_s_old.png in Resources */,
				82DA5180181A1E6500D0EF9A /* frame16_s_thumb.png in Resources */,
				82DA5116181A1E4900D0EF9A /* oldpaper3.jpg in Resources */,
				82DA51C3181A1E7C00D0EF9A /* filter_invert.png in Resources */,
				82DA5119181A1E4900D0EF9A /* amaro.jpg in Resources */,
				82DA51B1181A1E7C00D0EF9A /* filter_s_nashville.png in Resources */,
				82A29711181A043F00E5CCFE /* Images.xcassets in Resources */,
				82DA51AF181A1E7C00D0EF9A /* filter_s_lomo.png in Resources */,
				82DA51B9181A1E7C00D0EF9A /* filter_s_toon.png in Resources */,
				82A29703181A043F00E5CCFE /* InfoPlist.strings in Resources */,
				82DA511A181A1E4900D0EF9A /* amaro.png in Resources */,
				82DA51B6181A1E7C00D0EF9A /* filter_s_oldpaper.png in Resources */,
				82DA51AC181A1E7C00D0EF9A /* filter_s_gray.png in Resources */,
				82DA51C9181A1E7C00D0EF9A /* filter_olddarkpaper.png in Resources */,
				82DA51AA181A1E7C00D0EF9A /* filter_s_default.png in Resources */,
				82DA51BA181A1E7C00D0EF9A /* filter_sepia.png in Resources */,
				82DA51BB181A1E7C00D0EF9A /* filter_sketch.png in Resources */,
				82DA51A8181A1E7C00D0EF9A /* filter_s_amaro.png in Resources */,
				82DA516C181A1E6500D0EF9A /* frame09.png in Resources */,
				82DA5165181A1E6500D0EF9A /* frame07_s_thumb.png in Resources */,
				82DA51C5181A1E7C00D0EF9A /* filter_lomoweird.png in Resources */,
				82DA5117181A1E4900D0EF9A /* oldpaper4.jpg in Resources */,
				82DA50E2181A1E0900D0EF9A /* toolbar-gradient.png in Resources */,
				82DA50FF181A1E2D00D0EF9A /* flash_24.png in Resources */,
				82DA5176181A1E6500D0EF9A /* frame12thumb.png in Resources */,
				82DA51BF181A1E7C00D0EF9A /* filter_default.png in Resources */,
				82DA50FD181A1E2D00D0EF9A /* exchange32.png in Resources */,
				82DA511B181A1E4900D0EF9A /* nashville.png in Resources */,
				82DA51AE181A1E7C00D0EF9A /* filter_s_invert.png in Resources */,
				82DA51C8181A1E7C00D0EF9A /* filter_oldblue.png in Resources */,
				82DA51C6181A1E7C00D0EF9A /* filter_nashville.png in Resources */,
				82DA50E8181A1E0900D0EF9A /* camera-button.png in Resources */,
				82DA5182181A1E6500D0EF9A /* frame16thumb.png in Resources */,
				82DA515B181A1E6500D0EF9A /* frame03thumb.png in Resources */,
				82DA5178181A1E6500D0EF9A /* frame13.png in Resources */,
				82DA517D181A1E6500D0EF9A /* frame15_s_thumb.png in Resources */,
				82DA5112181A1E4900D0EF9A /* oldpaper2.png in Resources */,
				82DA51B8181A1E7C00D0EF9A /* filter_s_sketch.png in Resources */,
				82DA50F8181A1E2D00D0EF9A /* timer2.png in Resources */,
				82DA5164181A1E6500D0EF9A /* frame06thumb.png in Resources */,
				82DA50E4181A1E0900D0EF9A /* Postage Stamp.png in Resources */,
				82DA516E181A1E6500D0EF9A /* frame10_s_thumb.png in Resources */,
				82DA50FE181A1E2D00D0EF9A /* filmroll.png in Resources */,
				82DA517C181A1E6500D0EF9A /* frame14thumb.png in Resources */,
				82A2970C181A043F00E5CCFE /* Main.storyboard in Resources */,
				82DA5115181A1E4900D0EF9A /* oldpaper2.jpg in Resources */,
				82DA5102181A1E2D00D0EF9A /* t_flash.png in Resources */,
				82DA50E5181A1E0900D0EF9A /* background.jpg in Resources */,
				82DA51AD181A1E7C00D0EF9A /* filter_s_ilford400.png in Resources */,
				82DA5154181A1E6500D0EF9A /* frame01.png in Resources */,
				82DA51BC181A1E7C00D0EF9A /* filter_toon.png in Resources */,
				82DA5171181A1E6500D0EF9A /* frame11_s_thumb.png in Resources */,
				82DA5110181A1E4900D0EF9A /* oldpaper1.jpg in Resources */,
				82DA517F181A1E6500D0EF9A /* frame15thumb.png in Resources */,
				82DA5174181A1E6500D0EF9A /* frame12_s_thumb.png in Resources */,
				82DA515C181A1E6500D0EF9A /* frame04_s_thumb.png in Resources */,
				82DA50E9181A1E0900D0EF9A /* focus.gif in Resources */,
				82DA5179181A1E6500D0EF9A /* frame13thumb.png in Resources */,
				82DA516F181A1E6500D0EF9A /* frame10.png in Resources */,
				82DA5100181A1E2D00D0EF9A /* Paper airplane.png in Resources */,
				82DA515D181A1E6500D0EF9A /* frame04.png in Resources */,
				82DA50F7181A1E2D00D0EF9A /* timer10.png in Resources */,
				82DA51C0181A1E7C00D0EF9A /* filter_emboss.png in Resources */,
				82DA5151181A1E6500D0EF9A /* frame00.png in Resources */,
				82DA5101181A1E2D00D0EF9A /* t_autoflash.png in Resources */,
				82DA50DF181A1E0900D0EF9A /* camera.png in Resources */,
				82DA5173181A1E6500D0EF9A /* frame11thumb.png in Resources */,
				82DA5157181A1E6500D0EF9A /* frame02.png in Resources */,
				82DA516A181A1E6500D0EF9A /* frame08thumb.png in Resources */,
				82DA5159181A1E6500D0EF9A /* frame03_s_thumb.png in Resources */,
				82DA50F9181A1E2D00D0EF9A /* timerno.png in Resources */,
				82DA51B5181A1E7C00D0EF9A /* filter_s_oldgreen.png in Resources */,
				82DA5155181A1E6500D0EF9A /* frame01thumb.png in Resources */,
				82DA51B7181A1E7C00D0EF9A /* filter_s_sepia.png in Resources */,
				82DA51CA181A1E7C00D0EF9A /* filter_oldgreen.png in Resources */,
				82DA5152181A1E6500D0EF9A /* frame00thumb.png in Resources */,
				82A29730181A048E00E5CCFE /* LICENSE in Resources */,
			);
			runOnlyForDeploymentPostprocessing = 0;
		};
		82A29714181A043F00E5CCFE /* Resources */ = {
			isa = PBXResourcesBuildPhase;
			buildActionMask = 2147483647;
			files = (
				82A29722181A043F00E5CCFE /* InfoPlist.strings in Resources */,
			);
			runOnlyForDeploymentPostprocessing = 0;
		};
/* End PBXResourcesBuildPhase section */

/* Begin PBXSourcesBuildPhase section */
		82A296F1181A043F00E5CCFE /* Sources */ = {
			isa = PBXSourcesBuildPhase;
			buildActionMask = 2147483647;
			files = (
				82A29705181A043F00E5CCFE /* main.m in Sources */,
				82A2970F181A043F00E5CCFE /* EasyPhotoViewController.m in Sources */,
				82A29709181A043F00E5CCFE /* EasyPhotoAppDelegate.m in Sources */,
			);
			runOnlyForDeploymentPostprocessing = 0;
		};
		82A29712181A043F00E5CCFE /* Sources */ = {
			isa = PBXSourcesBuildPhase;
			buildActionMask = 2147483647;
			files = (
				82A29724181A043F00E5CCFE /* EasyPhotoTests.m in Sources */,
			);
			runOnlyForDeploymentPostprocessing = 0;
		};
/* End PBXSourcesBuildPhase section */

/* Begin PBXTargetDependency section */
		82A2971C181A043F00E5CCFE /* PBXTargetDependency */ = {
			isa = PBXTargetDependency;
			target = 82A296F4181A043F00E5CCFE /* EasyPhoto */;
			targetProxy = 82A2971B181A043F00E5CCFE /* PBXContainerItemProxy */;
		};
/* End PBXTargetDependency section */

/* Begin PBXVariantGroup section */
		82A29701181A043F00E5CCFE /* InfoPlist.strings */ = {
			isa = PBXVariantGroup;
			children = (
				82A29702181A043F00E5CCFE /* en */,
			);
			name = InfoPlist.strings;
			sourceTree = "<group>";
		};
		82A2970A181A043F00E5CCFE /* Main.storyboard */ = {
			isa = PBXVariantGroup;
			children = (
				82A2970B181A043F00E5CCFE /* Base */,
			);
			name = Main.storyboard;
			sourceTree = "<group>";
		};
		82A29720181A043F00E5CCFE /* InfoPlist.strings */ = {
			isa = PBXVariantGroup;
			children = (
				82A29721181A043F00E5CCFE /* en */,
			);
			name = InfoPlist.strings;
			sourceTree = "<group>";
		};
/* End PBXVariantGroup section */

/* Begin XCBuildConfiguration section */
		82A29725181A043F00E5CCFE /* Debug */ = {
			isa = XCBuildConfiguration;
			buildSettings = {
				ALWAYS_SEARCH_USER_PATHS = NO;
				ARCHS = "$(ARCHS_STANDARD_INCLUDING_64_BIT)";
				CLANG_CXX_LANGUAGE_STANDARD = "gnu++0x";
				CLANG_CXX_LIBRARY = "libc++";
				CLANG_ENABLE_MODULES = YES;
				CLANG_ENABLE_OBJC_ARC = YES;
				CLANG_WARN_BOOL_CONVERSION = YES;
				CLANG_WARN_CONSTANT_CONVERSION = YES;
				CLANG_WARN_DIRECT_OBJC_ISA_USAGE = YES_ERROR;
				CLANG_WARN_EMPTY_BODY = YES;
				CLANG_WARN_ENUM_CONVERSION = YES;
				CLANG_WARN_INT_CONVERSION = YES;
				CLANG_WARN_OBJC_ROOT_CLASS = YES_ERROR;
				CLANG_WARN__DUPLICATE_METHOD_MATCH = YES;
				"CODE_SIGN_IDENTITY[sdk=iphoneos*]" = "iPhone Developer";
				COPY_PHASE_STRIP = NO;
				GCC_C_LANGUAGE_STANDARD = gnu99;
				GCC_DYNAMIC_NO_PIC = NO;
				GCC_OPTIMIZATION_LEVEL = 0;
				GCC_PREPROCESSOR_DEFINITIONS = (
					"DEBUG=1",
					"$(inherited)",
				);
				GCC_SYMBOLS_PRIVATE_EXTERN = NO;
				GCC_WARN_64_TO_32_BIT_CONVERSION = YES;
				GCC_WARN_ABOUT_RETURN_TYPE = YES_ERROR;
				GCC_WARN_UNDECLARED_SELECTOR = YES;
				GCC_WARN_UNINITIALIZED_AUTOS = YES;
				GCC_WARN_UNUSED_FUNCTION = YES;
				GCC_WARN_UNUSED_VARIABLE = YES;
				IPHONEOS_DEPLOYMENT_TARGET = 7.0;
				ONLY_ACTIVE_ARCH = YES;
				SDKROOT = iphoneos;
			};
			name = Debug;
		};
		82A29726181A043F00E5CCFE /* Release */ = {
			isa = XCBuildConfiguration;
			buildSettings = {
				ALWAYS_SEARCH_USER_PATHS = NO;
				ARCHS = "$(ARCHS_STANDARD_INCLUDING_64_BIT)";
				CLANG_CXX_LANGUAGE_STANDARD = "gnu++0x";
				CLANG_CXX_LIBRARY = "libc++";
				CLANG_ENABLE_MODULES = YES;
				CLANG_ENABLE_OBJC_ARC = YES;
				CLANG_WARN_BOOL_CONVERSION = YES;
				CLANG_WARN_CONSTANT_CONVERSION = YES;
				CLANG_WARN_DIRECT_OBJC_ISA_USAGE = YES_ERROR;
				CLANG_WARN_EMPTY_BODY = YES;
				CLANG_WARN_ENUM_CONVERSION = YES;
				CLANG_WARN_INT_CONVERSION = YES;
				CLANG_WARN_OBJC_ROOT_CLASS = YES_ERROR;
				CLANG_WARN__DUPLICATE_METHOD_MATCH = YES;
				"CODE_SIGN_IDENTITY[sdk=iphoneos*]" = "iPhone Developer";
				COPY_PHASE_STRIP = YES;
				ENABLE_NS_ASSERTIONS = NO;
				GCC_C_LANGUAGE_STANDARD = gnu99;
				GCC_WARN_64_TO_32_BIT_CONVERSION = YES;
				GCC_WARN_ABOUT_RETURN_TYPE = YES_ERROR;
				GCC_WARN_UNDECLARED_SELECTOR = YES;
				GCC_WARN_UNINITIALIZED_AUTOS = YES;
				GCC_WARN_UNUSED_FUNCTION = YES;
				GCC_WARN_UNUSED_VARIABLE = YES;
				IPHONEOS_DEPLOYMENT_TARGET = 7.0;
				SDKROOT = iphoneos;
				VALIDATE_PRODUCT = YES;
			};
			name = Release;
		};
		82A29728181A043F00E5CCFE /* Debug */ = {
			isa = XCBuildConfiguration;
			buildSettings = {
				ASSETCATALOG_COMPILER_APPICON_NAME = AppIcon;
				ASSETCATALOG_COMPILER_LAUNCHIMAGE_NAME = LaunchImage;
				GCC_PRECOMPILE_PREFIX_HEADER = YES;
				GCC_PREFIX_HEADER = "EasyPhoto/EasyPhoto-Prefix.pch";
				INFOPLIST_FILE = "EasyPhoto/EasyPhoto-Info.plist";
				PRODUCT_NAME = "$(TARGET_NAME)";
				WRAPPER_EXTENSION = app;
			};
			name = Debug;
		};
		82A29729181A043F00E5CCFE /* Release */ = {
			isa = XCBuildConfiguration;
			buildSettings = {
				ASSETCATALOG_COMPILER_APPICON_NAME = AppIcon;
				ASSETCATALOG_COMPILER_LAUNCHIMAGE_NAME = LaunchImage;
				GCC_PRECOMPILE_PREFIX_HEADER = YES;
				GCC_PREFIX_HEADER = "EasyPhoto/EasyPhoto-Prefix.pch";
				INFOPLIST_FILE = "EasyPhoto/EasyPhoto-Info.plist";
				PRODUCT_NAME = "$(TARGET_NAME)";
				WRAPPER_EXTENSION = app;
			};
			name = Release;
		};
		82A2972B181A043F00E5CCFE /* Debug */ = {
			isa = XCBuildConfiguration;
			buildSettings = {
				ARCHS = "$(ARCHS_STANDARD_INCLUDING_64_BIT)";
				BUNDLE_LOADER = "$(BUILT_PRODUCTS_DIR)/EasyPhoto.app/EasyPhoto";
				FRAMEWORK_SEARCH_PATHS = (
					"$(SDKROOT)/Developer/Library/Frameworks",
					"$(inherited)",
					"$(DEVELOPER_FRAMEWORKS_DIR)",
				);
				GCC_PRECOMPILE_PREFIX_HEADER = YES;
				GCC_PREFIX_HEADER = "EasyPhoto/EasyPhoto-Prefix.pch";
				GCC_PREPROCESSOR_DEFINITIONS = (
					"DEBUG=1",
					"$(inherited)",
				);
				INFOPLIST_FILE = "EasyPhotoTests/EasyPhotoTests-Info.plist";
				PRODUCT_NAME = "$(TARGET_NAME)";
				TEST_HOST = "$(BUNDLE_LOADER)";
				WRAPPER_EXTENSION = xctest;
			};
			name = Debug;
		};
		82A2972C181A043F00E5CCFE /* Release */ = {
			isa = XCBuildConfiguration;
			buildSettings = {
				ARCHS = "$(ARCHS_STANDARD_INCLUDING_64_BIT)";
				BUNDLE_LOADER = "$(BUILT_PRODUCTS_DIR)/EasyPhoto.app/EasyPhoto";
				FRAMEWORK_SEARCH_PATHS = (
					"$(SDKROOT)/Developer/Library/Frameworks",
					"$(inherited)",
					"$(DEVELOPER_FRAMEWORKS_DIR)",
				);
				GCC_PRECOMPILE_PREFIX_HEADER = YES;
				GCC_PREFIX_HEADER = "EasyPhoto/EasyPhoto-Prefix.pch";
				INFOPLIST_FILE = "EasyPhotoTests/EasyPhotoTests-Info.plist";
				PRODUCT_NAME = "$(TARGET_NAME)";
				TEST_HOST = "$(BUNDLE_LOADER)";
				WRAPPER_EXTENSION = xctest;
			};
			name = Release;
		};
/* End XCBuildConfiguration section */

/* Begin XCConfigurationList section */
		82A296F0181A043F00E5CCFE /* Build configuration list for PBXProject "EasyPhoto" */ = {
			isa = XCConfigurationList;
			buildConfigurations = (
				82A29725181A043F00E5CCFE /* Debug */,
				82A29726181A043F00E5CCFE /* Release */,
			);
			defaultConfigurationIsVisible = 0;
			defaultConfigurationName = Release;
		};
		82A29727181A043F00E5CCFE /* Build configuration list for PBXNativeTarget "EasyPhoto" */ = {
			isa = XCConfigurationList;
			buildConfigurations = (
				82A29728181A043F00E5CCFE /* Debug */,
				82A29729181A043F00E5CCFE /* Release */,
			);
			defaultConfigurationIsVisible = 0;
			defaultConfigurationName = Release;
		};
		82A2972A181A043F00E5CCFE /* Build configuration list for PBXNativeTarget "EasyPhotoTests" */ = {
			isa = XCConfigurationList;
			buildConfigurations = (
				82A2972B181A043F00E5CCFE /* Debug */,
				82A2972C181A043F00E5CCFE /* Release */,
			);
			defaultConfigurationIsVisible = 0;
			defaultConfigurationName = Release;
		};
/* End XCConfigurationList section */
	};
	rootObject = 82A296ED181A043F00E5CCFE /* Project object */;
}
