// !$*UTF8*$!
{
	archiveVersion = 1;
	classes = {
	};
	objectVersion = 46;
	objects = {

/* Begin PBXBuildFile section */
		82A296F9181A043F00E5CCFE /* Foundation.framework in Frameworks */ = {isa = PBXBuildFile; fileRef = 82A296F8181A043F00E5CCFE /* Foundation.framework */; };
		82A296FB181A043F00E5CCFE /* CoreGraphics.framework in Frameworks */ = {isa = PBXBuildFile; fileRef = 82A296FA181A043F00E5CCFE /* CoreGraphics.framework */; };
		82A296FD181A043F00E5CCFE /* UIKit.framework in Frameworks */ = {isa = PBXBuildFile; fileRef = 82A296FC181A043F00E5CCFE /* UIKit.framework */; };
		82A29703181A043F00E5CCFE /* InfoPlist.strings in Resources */ = {isa = PBXBuildFile; fileRef = 82A29701181A043F00E5CCFE /* InfoPlist.strings */; };
		82A29705181A043F00E5CCFE /* main.m in Sources */ = {isa = PBXBuildFile; fileRef = 82A29704181A043F00E5CCFE /* main.m */; };
		82A29709181A043F00E5CCFE /* EasyPhotoAppDelegate.m in Sources */ = {isa = PBXBuildFile; fileRef = 82A29708181A043F00E5CCFE /* EasyPhotoAppDelegate.m */; };
		82A2970C181A043F00E5CCFE /* Main.storyboard in Resources */ = {isa = PBXBuildFile; fileRef = 82A2970A181A043F00E5CCFE /* Main.storyboard */; };
		82A2970F181A043F00E5CCFE /* EasyPhotoViewController.m in Sources */ = {isa = PBXBuildFile; fileRef = 82A2970E181A043F00E5CCFE /* EasyPhotoViewController.m */; };
		82A29711181A043F00E5CCFE /* Images.xcassets in Resources */ = {isa = PBXBuildFile; fileRef = 82A29710181A043F00E5CCFE /* Images.xcassets */; };
		82A29718181A043F00E5CCFE /* XCTest.framework in Frameworks */ = {isa = PBXBuildFile; fileRef = 82A29717181A043F00E5CCFE /* XCTest.framework */; };
		82A29719181A043F00E5CCFE /* Foundation.framework in Frameworks */ = {isa = PBXBuildFile; fileRef = 82A296F8181A043F00E5CCFE /* Foundation.framework */; };
		82A2971A181A043F00E5CCFE /* UIKit.framework in Frameworks */ = {isa = PBXBuildFile; fileRef = 82A296FC181A043F00E5CCFE /* UIKit.framework */; };
		82A29722181A043F00E5CCFE /* InfoPlist.strings in Resources */ = {isa = PBXBuildFile; fileRef = 82A29720181A043F00E5CCFE /* InfoPlist.strings */; };
		82A29724181A043F00E5CCFE /* EasyPhotoTests.m in Sources */ = {isa = PBXBuildFile; fileRef = 82A29723181A043F00E5CCFE /* EasyPhotoTests.m */; };
		82A2972E181A046A00E5CCFE /* .gitignore in Resources */ = {isa = PBXBuildFile; fileRef = 82A2972D181A046A00E5CCFE /* .gitignore */; };
		82A29730181A048E00E5CCFE /* LICENSE in Resources */ = {isa = PBXBuildFile; fileRef = 82A2972F181A048D00E5CCFE /* LICENSE */; };
/* End PBXBuildFile section */

/* Begin PBXContainerItemProxy section */
		82A2971B181A043F00E5CCFE /* PBXContainerItemProxy */ = {
			isa = PBXContainerItemProxy;
			containerPortal = 82A296ED181A043F00E5CCFE /* Project object */;
			proxyType = 1;
			remoteGlobalIDString = 82A296F4181A043F00E5CCFE;
			remoteInfo = EasyPhoto;
		};
		82DA50CF181A1D6000D0EF9A /* PBXContainerItemProxy */ = {
			isa = PBXContainerItemProxy;
			containerPortal = 82DA50C9181A1D6000D0EF9A /* GPUImage.xcodeproj */;
			proxyType = 2;
			remoteGlobalIDString = BCF1A33414DDB1EC00852800;
			remoteInfo = GPUImage;
		};
		82DA50D1181A1D6000D0EF9A /* PBXContainerItemProxy */ = {
			isa = PBXContainerItemProxy;
			containerPortal = 82DA50C9181A1D6000D0EF9A /* GPUImage.xcodeproj */;
			proxyType = 2;
			remoteGlobalIDString = BCF1A34414DDB1EC00852800;
			remoteInfo = GPUImageTests;
		};
/* End PBXContainerItemProxy section */

/* Begin PBXFileReference section */
		82A296F5181A043F00E5CCFE /* EasyPhoto.app */ = {isa = PBXFileReference; explicitFileType = wrapper.application; includeInIndex = 0; path = EasyPhoto.app; sourceTree = BUILT_PRODUCTS_DIR; };
		82A296F8181A043F00E5CCFE /* Foundation.framework */ = {isa = PBXFileReference; lastKnownFileType = wrapper.framework; name = Foundation.framework; path = System/Library/Frameworks/Foundation.framework; sourceTree = SDKROOT; };
		82A296FA181A043F00E5CCFE /* CoreGraphics.framework */ = {isa = PBXFileReference; lastKnownFileType = wrapper.framework; name = CoreGraphics.framework; path = System/Library/Frameworks/CoreGraphics.framework; sourceTree = SDKROOT; };
		82A296FC181A043F00E5CCFE /* UIKit.framework */ = {isa = PBXFileReference; lastKnownFileType = wrapper.framework; name = UIKit.framework; path = System/Library/Frameworks/UIKit.framework; sourceTree = SDKROOT; };
		82A29700181A043F00E5CCFE /* EasyPhoto-Info.plist */ = {isa = PBXFileReference; lastKnownFileType = text.plist.xml; path = "EasyPhoto-Info.plist"; sourceTree = "<group>"; };
		82A29702181A043F00E5CCFE /* en */ = {isa = PBXFileReference; lastKnownFileType = text.plist.strings; name = en; path = en.lproj/InfoPlist.strings; sourceTree = "<group>"; };
		82A29704181A043F00E5CCFE /* main.m */ = {isa = PBXFileReference; lastKnownFileType = sourcecode.c.objc; path = main.m; sourceTree = "<group>"; };
		82A29706181A043F00E5CCFE /* EasyPhoto-Prefix.pch */ = {isa = PBXFileReference; lastKnownFileType = sourcecode.c.h; path = "EasyPhoto-Prefix.pch"; sourceTree = "<group>"; };
		82A29707181A043F00E5CCFE /* EasyPhotoAppDelegate.h */ = {isa = PBXFileReference; lastKnownFileType = sourcecode.c.h; path = EasyPhotoAppDelegate.h; sourceTree = "<group>"; };
		82A29708181A043F00E5CCFE /* EasyPhotoAppDelegate.m */ = {isa = PBXFileReference; lastKnownFileType = sourcecode.c.objc; path = EasyPhotoAppDelegate.m; sourceTree = "<group>"; };
		82A2970B181A043F00E5CCFE /* Base */ = {isa = PBXFileReference; lastKnownFileType = file.storyboard; name = Base; path = Base.lproj/Main.storyboard; sourceTree = "<group>"; };
		82A2970D181A043F00E5CCFE /* EasyPhotoViewController.h */ = {isa = PBXFileReference; lastKnownFileType = sourcecode.c.h; path = EasyPhotoViewController.h; sourceTree = "<group>"; };
		82A2970E181A043F00E5CCFE /* EasyPhotoViewController.m */ = {isa = PBXFileReference; lastKnownFileType = sourcecode.c.objc; path = EasyPhotoViewController.m; sourceTree = "<group>"; };
		82A29710181A043F00E5CCFE /* Images.xcassets */ = {isa = PBXFileReference; lastKnownFileType = folder.assetcatalog; path = Images.xcassets; sourceTree = "<group>"; };
		82A29716181A043F00E5CCFE /* EasyPhotoTests.xctest */ = {isa = PBXFileReference; explicitFileType = wrapper.cfbundle; includeInIndex = 0; path = EasyPhotoTests.xctest; sourceTree = BUILT_PRODUCTS_DIR; };
		82A29717181A043F00E5CCFE /* XCTest.framework */ = {isa = PBXFileReference; lastKnownFileType = wrapper.framework; name = XCTest.framework; path = Library/Frameworks/XCTest.framework; sourceTree = DEVELOPER_DIR; };
		82A2971F181A043F00E5CCFE /* EasyPhotoTests-Info.plist */ = {isa = PBXFileReference; lastKnownFileType = text.plist.xml; path = "EasyPhotoTests-Info.plist"; sourceTree = "<group>"; };
		82A29721181A043F00E5CCFE /* en */ = {isa = PBXFileReference; lastKnownFileType = text.plist.strings; name = en; path = en.lproj/InfoPlist.strings; sourceTree = "<group>"; };
		82A29723181A043F00E5CCFE /* EasyPhotoTests.m */ = {isa = PBXFileReference; lastKnownFileType = sourcecode.c.objc; path = EasyPhotoTests.m; sourceTree = "<group>"; };
		82A2972D181A046A00E5CCFE /* .gitignore */ = {isa = PBXFileReference; fileEncoding = 4; lastKnownFileType = text; path = .gitignore; sourceTree = "<group>"; };
		82A2972F181A048D00E5CCFE /* LICENSE */ = {isa = PBXFileReference; fileEncoding = 4; lastKnownFileType = text; path = LICENSE; sourceTree = "<group>"; };
		82DA50C9181A1D6000D0EF9A /* GPUImage.xcodeproj */ = {isa = PBXFileReference; lastKnownFileType = "wrapper.pb-project"; name = GPUImage.xcodeproj; path = ../GPUImage/framework/GPUImage.xcodeproj; sourceTree = "<group>"; };
/* End PBXFileReference section */

/* Begin PBXFrameworksBuildPhase section */
		82A296F2181A043F00E5CCFE /* Frameworks */ = {
			isa = PBXFrameworksBuildPhase;
			buildActionMask = 2147483647;
			files = (
				82A296FB181A043F00E5CCFE /* CoreGraphics.framework in Frameworks */,
				82A296FD181A043F00E5CCFE /* UIKit.framework in Frameworks */,
				82A296F9181A043F00E5CCFE /* Foundation.framework in Frameworks */,
			);
			runOnlyForDeploymentPostprocessing = 0;
		};
		82A29713181A043F00E5CCFE /* Frameworks */ = {
			isa = PBXFrameworksBuildPhase;
			buildActionMask = 2147483647;
			files = (
				82A29718181A043F00E5CCFE /* XCTest.framework in Frameworks */,
				82A2971A181A043F00E5CCFE /* UIKit.framework in Frameworks */,
				82A29719181A043F00E5CCFE /* Foundation.framework in Frameworks */,
			);
			runOnlyForDeploymentPostprocessing = 0;
		};
/* End PBXFrameworksBuildPhase section */

/* Begin PBXGroup section */
		82A296EC181A043F00E5CCFE = {
			isa = PBXGroup;
			children = (
				82A2972F181A048D00E5CCFE /* LICENSE */,
				82A2972D181A046A00E5CCFE /* .gitignore */,
				82A296FE181A043F00E5CCFE /* EasyPhoto */,
				82A2971D181A043F00E5CCFE /* EasyPhotoTests */,
				82A296F7181A043F00E5CCFE /* Frameworks */,
				82A296F6181A043F00E5CCFE /* Products */,
			);
			sourceTree = "<group>";
		};
		82A296F6181A043F00E5CCFE /* Products */ = {
			isa = PBXGroup;
			children = (
				82A296F5181A043F00E5CCFE /* EasyPhoto.app */,
				82A29716181A043F00E5CCFE /* EasyPhotoTests.xctest */,
			);
			name = Products;
			sourceTree = "<group>";
		};
		82A296F7181A043F00E5CCFE /* Frameworks */ = {
			isa = PBXGroup;
			children = (
				82DA50C9181A1D6000D0EF9A /* GPUImage.xcodeproj */,
				82A296F8181A043F00E5CCFE /* Foundation.framework */,
				82A296FA181A043F00E5CCFE /* CoreGraphics.framework */,
				82A296FC181A043F00E5CCFE /* UIKit.framework */,
				82A29717181A043F00E5CCFE /* XCTest.framework */,
			);
			name = Frameworks;
			sourceTree = "<group>";
		};
		82A296FE181A043F00E5CCFE /* EasyPhoto */ = {
			isa = PBXGroup;
			children = (
				82DA50D3181A1DF500D0EF9A /* Resources */,
				82A29707181A043F00E5CCFE /* EasyPhotoAppDelegate.h */,
				82A29708181A043F00E5CCFE /* EasyPhotoAppDelegate.m */,
				82A2970A181A043F00E5CCFE /* Main.storyboard */,
				82A2970D181A043F00E5CCFE /* EasyPhotoViewController.h */,
				82A2970E181A043F00E5CCFE /* EasyPhotoViewController.m */,
				82A29710181A043F00E5CCFE /* Images.xcassets */,
				82A296FF181A043F00E5CCFE /* Supporting Files */,
			);
			path = EasyPhoto;
			sourceTree = "<group>";
		};
		82A296FF181A043F00E5CCFE /* Supporting Files */ = {
			isa = PBXGroup;
			children = (
				82A29700181A043F00E5CCFE /* EasyPhoto-Info.plist */,
				82A29701181A043F00E5CCFE /* InfoPlist.strings */,
				82A29704181A043F00E5CCFE /* main.m */,
				82A29706181A043F00E5CCFE /* EasyPhoto-Prefix.pch */,
			);
			name = "Supporting Files";
			sourceTree = "<group>";
		};
		82A2971D181A043F00E5CCFE /* EasyPhotoTests */ = {
			isa = PBXGroup;
			children = (
				82A29723181A043F00E5CCFE /* EasyPhotoTests.m */,
				82A2971E181A043F00E5CCFE /* Supporting Files */,
			);
			path = EasyPhotoTests;
			sourceTree = "<group>";
		};
		82A2971E181A043F00E5CCFE /* Supporting Files */ = {
			isa = PBXGroup;
			children = (
				82A2971F181A043F00E5CCFE /* EasyPhotoTests-Info.plist */,
				82A29720181A043F00E5CCFE /* InfoPlist.strings */,
			);
			name = "Supporting Files";
			sourceTree = "<group>";
		};
		82DA50CA181A1D6000D0EF9A /* Products */ = {
			isa = PBXGroup;
			children = (
				82DA50D0181A1D6000D0EF9A /* libGPUImage.a */,
				82DA50D2181A1D6000D0EF9A /* GPUImageTests.octest */,
			);
			name = Products;
			sourceTree = "<group>";
		};
		82DA50D3181A1DF500D0EF9A /* Resources */ = {
			isa = PBXGroup;
			children = (
			);
			name = Resources;
			sourceTree = "<group>";
		};
/* End PBXGroup section */

/* Begin PBXNativeTarget section */
		82A296F4181A043F00E5CCFE /* EasyPhoto */ = {
			isa = PBXNativeTarget;
			buildConfigurationList = 82A29727181A043F00E5CCFE /* Build configuration list for PBXNativeTarget "EasyPhoto" */;
			buildPhases = (
				82A296F1181A043F00E5CCFE /* Sources */,
				82A296F2181A043F00E5CCFE /* Frameworks */,
				82A296F3181A043F00E5CCFE /* Resources */,
			);
			buildRules = (
			);
			dependencies = (
			);
			name = EasyPhoto;
			productName = EasyPhoto;
			productReference = 82A296F5181A043F00E5CCFE /* EasyPhoto.app */;
			productType = "com.apple.product-type.application";
		};
		82A29715181A043F00E5CCFE /* EasyPhotoTests */ = {
			isa = PBXNativeTarget;
			buildConfigurationList = 82A2972A181A043F00E5CCFE /* Build configuration list for PBXNativeTarget "EasyPhotoTests" */;
			buildPhases = (
				82A29712181A043F00E5CCFE /* Sources */,
				82A29713181A043F00E5CCFE /* Frameworks */,
				82A29714181A043F00E5CCFE /* Resources */,
			);
			buildRules = (
			);
			dependencies = (
				82A2971C181A043F00E5CCFE /* PBXTargetDependency */,
			);
			name = EasyPhotoTests;
			productName = EasyPhotoTests;
			productReference = 82A29716181A043F00E5CCFE /* EasyPhotoTests.xctest */;
			productType = "com.apple.product-type.bundle.unit-test";
		};
/* End PBXNativeTarget section */

/* Begin PBXProject section */
		82A296ED181A043F00E5CCFE /* Project object */ = {
			isa = PBXProject;
			attributes = {
				CLASSPREFIX = EasyPhoto;
				LastUpgradeCheck = 0500;
				ORGANIZATIONNAME = "Sungju Kwon";
				TargetAttributes = {
					82A29715181A043F00E5CCFE = {
						TestTargetID = 82A296F4181A043F00E5CCFE;
					};
				};
			};
			buildConfigurationList = 82A296F0181A043F00E5CCFE /* Build configuration list for PBXProject "EasyPhoto" */;
			compatibilityVersion = "Xcode 3.2";
			developmentRegion = English;
			hasScannedForEncodings = 0;
			knownRegions = (
				en,
				Base,
			);
			mainGroup = 82A296EC181A043F00E5CCFE;
			productRefGroup = 82A296F6181A043F00E5CCFE /* Products */;
			projectDirPath = "";
			projectReferences = (
				{
					ProductGroup = 82DA50CA181A1D6000D0EF9A /* Products */;
					ProjectRef = 82DA50C9181A1D6000D0EF9A /* GPUImage.xcodeproj */;
				},
			);
			projectRoot = "";
			targets = (
				82A296F4181A043F00E5CCFE /* EasyPhoto */,
				82A29715181A043F00E5CCFE /* EasyPhotoTests */,
			);
		};
/* End PBXProject section */

/* Begin PBXReferenceProxy section */
		82DA50D0181A1D6000D0EF9A /* libGPUImage.a */ = {
			isa = PBXReferenceProxy;
			fileType = archive.ar;
			path = libGPUImage.a;
			remoteRef = 82DA50CF181A1D6000D0EF9A /* PBXContainerItemProxy */;
			sourceTree = BUILT_PRODUCTS_DIR;
		};
		82DA50D2181A1D6000D0EF9A /* GPUImageTests.octest */ = {
			isa = PBXReferenceProxy;
			fileType = wrapper.cfbundle;
			path = GPUImageTests.octest;
			remoteRef = 82DA50D1181A1D6000D0EF9A /* PBXContainerItemProxy */;
			sourceTree = BUILT_PRODUCTS_DIR;
		};
/* End PBXReferenceProxy section */

/* Begin PBXResourcesBuildPhase section */
		82A296F3181A043F00E5CCFE /* Resources */ = {
			isa = PBXResourcesBuildPhase;
			buildActionMask = 2147483647;
			files = (
				82A2972E181A046A00E5CCFE /* .gitignore in Resources */,
				82A29711181A043F00E5CCFE /* Images.xcassets in Resources */,
				82A29703181A043F00E5CCFE /* InfoPlist.strings in Resources */,
				82A2970C181A043F00E5CCFE /* Main.storyboard in Resources */,
				82A29730181A048E00E5CCFE /* LICENSE in Resources */,
			);
			runOnlyForDeploymentPostprocessing = 0;
		};
		82A29714181A043F00E5CCFE /* Resources */ = {
			isa = PBXResourcesBuildPhase;
			buildActionMask = 2147483647;
			files = (
				82A29722181A043F00E5CCFE /* InfoPlist.strings in Resources */,
			);
			runOnlyForDeploymentPostprocessing = 0;
		};
/* End PBXResourcesBuildPhase section */

/* Begin PBXSourcesBuildPhase section */
		82A296F1181A043F00E5CCFE /* Sources */ = {
			isa = PBXSourcesBuildPhase;
			buildActionMask = 2147483647;
			files = (
				82A29705181A043F00E5CCFE /* main.m in Sources */,
				82A2970F181A043F00E5CCFE /* EasyPhotoViewController.m in Sources */,
				82A29709181A043F00E5CCFE /* EasyPhotoAppDelegate.m in Sources */,
			);
			runOnlyForDeploymentPostprocessing = 0;
		};
		82A29712181A043F00E5CCFE /* Sources */ = {
			isa = PBXSourcesBuildPhase;
			buildActionMask = 2147483647;
			files = (
				82A29724181A043F00E5CCFE /* EasyPhotoTests.m in Sources */,
			);
			runOnlyForDeploymentPostprocessing = 0;
		};
/* End PBXSourcesBuildPhase section */

/* Begin PBXTargetDependency section */
		82A2971C181A043F00E5CCFE /* PBXTargetDependency */ = {
			isa = PBXTargetDependency;
			target = 82A296F4181A043F00E5CCFE /* EasyPhoto */;
			targetProxy = 82A2971B181A043F00E5CCFE /* PBXContainerItemProxy */;
		};
/* End PBXTargetDependency section */

/* Begin PBXVariantGroup section */
		82A29701181A043F00E5CCFE /* InfoPlist.strings */ = {
			isa = PBXVariantGroup;
			children = (
				82A29702181A043F00E5CCFE /* en */,
			);
			name = InfoPlist.strings;
			sourceTree = "<group>";
		};
		82A2970A181A043F00E5CCFE /* Main.storyboard */ = {
			isa = PBXVariantGroup;
			children = (
				82A2970B181A043F00E5CCFE /* Base */,
			);
			name = Main.storyboard;
			sourceTree = "<group>";
		};
		82A29720181A043F00E5CCFE /* InfoPlist.strings */ = {
			isa = PBXVariantGroup;
			children = (
				82A29721181A043F00E5CCFE /* en */,
			);
			name = InfoPlist.strings;
			sourceTree = "<group>";
		};
/* End PBXVariantGroup section */

/* Begin XCBuildConfiguration section */
		82A29725181A043F00E5CCFE /* Debug */ = {
			isa = XCBuildConfiguration;
			buildSettings = {
				ALWAYS_SEARCH_USER_PATHS = NO;
				ARCHS = "$(ARCHS_STANDARD_INCLUDING_64_BIT)";
				CLANG_CXX_LANGUAGE_STANDARD = "gnu++0x";
				CLANG_CXX_LIBRARY = "libc++";
				CLANG_ENABLE_MODULES = YES;
				CLANG_ENABLE_OBJC_ARC = YES;
				CLANG_WARN_BOOL_CONVERSION = YES;
				CLANG_WARN_CONSTANT_CONVERSION = YES;
				CLANG_WARN_DIRECT_OBJC_ISA_USAGE = YES_ERROR;
				CLANG_WARN_EMPTY_BODY = YES;
				CLANG_WARN_ENUM_CONVERSION = YES;
				CLANG_WARN_INT_CONVERSION = YES;
				CLANG_WARN_OBJC_ROOT_CLASS = YES_ERROR;
				CLANG_WARN__DUPLICATE_METHOD_MATCH = YES;
				"CODE_SIGN_IDENTITY[sdk=iphoneos*]" = "iPhone Developer";
				COPY_PHASE_STRIP = NO;
				GCC_C_LANGUAGE_STANDARD = gnu99;
				GCC_DYNAMIC_NO_PIC = NO;
				GCC_OPTIMIZATION_LEVEL = 0;
				GCC_PREPROCESSOR_DEFINITIONS = (
					"DEBUG=1",
					"$(inherited)",
				);
				GCC_SYMBOLS_PRIVATE_EXTERN = NO;
				GCC_WARN_64_TO_32_BIT_CONVERSION = YES;
				GCC_WARN_ABOUT_RETURN_TYPE = YES_ERROR;
				GCC_WARN_UNDECLARED_SELECTOR = YES;
				GCC_WARN_UNINITIALIZED_AUTOS = YES;
				GCC_WARN_UNUSED_FUNCTION = YES;
				GCC_WARN_UNUSED_VARIABLE = YES;
				IPHONEOS_DEPLOYMENT_TARGET = 7.0;
				ONLY_ACTIVE_ARCH = YES;
				SDKROOT = iphoneos;
			};
			name = Debug;
		};
		82A29726181A043F00E5CCFE /* Release */ = {
			isa = XCBuildConfiguration;
			buildSettings = {
				ALWAYS_SEARCH_USER_PATHS = NO;
				ARCHS = "$(ARCHS_STANDARD_INCLUDING_64_BIT)";
				CLANG_CXX_LANGUAGE_STANDARD = "gnu++0x";
				CLANG_CXX_LIBRARY = "libc++";
				CLANG_ENABLE_MODULES = YES;
				CLANG_ENABLE_OBJC_ARC = YES;
				CLANG_WARN_BOOL_CONVERSION = YES;
				CLANG_WARN_CONSTANT_CONVERSION = YES;
				CLANG_WARN_DIRECT_OBJC_ISA_USAGE = YES_ERROR;
				CLANG_WARN_EMPTY_BODY = YES;
				CLANG_WARN_ENUM_CONVERSION = YES;
				CLANG_WARN_INT_CONVERSION = YES;
				CLANG_WARN_OBJC_ROOT_CLASS = YES_ERROR;
				CLANG_WARN__DUPLICATE_METHOD_MATCH = YES;
				"CODE_SIGN_IDENTITY[sdk=iphoneos*]" = "iPhone Developer";
				COPY_PHASE_STRIP = YES;
				ENABLE_NS_ASSERTIONS = NO;
				GCC_C_LANGUAGE_STANDARD = gnu99;
				GCC_WARN_64_TO_32_BIT_CONVERSION = YES;
				GCC_WARN_ABOUT_RETURN_TYPE = YES_ERROR;
				GCC_WARN_UNDECLARED_SELECTOR = YES;
				GCC_WARN_UNINITIALIZED_AUTOS = YES;
				GCC_WARN_UNUSED_FUNCTION = YES;
				GCC_WARN_UNUSED_VARIABLE = YES;
				IPHONEOS_DEPLOYMENT_TARGET = 7.0;
				SDKROOT = iphoneos;
				VALIDATE_PRODUCT = YES;
			};
			name = Release;
		};
		82A29728181A043F00E5CCFE /* Debug */ = {
			isa = XCBuildConfiguration;
			buildSettings = {
				ASSETCATALOG_COMPILER_APPICON_NAME = AppIcon;
				ASSETCATALOG_COMPILER_LAUNCHIMAGE_NAME = LaunchImage;
				GCC_PRECOMPILE_PREFIX_HEADER = YES;
				GCC_PREFIX_HEADER = "EasyPhoto/EasyPhoto-Prefix.pch";
				INFOPLIST_FILE = "EasyPhoto/EasyPhoto-Info.plist";
				PRODUCT_NAME = "$(TARGET_NAME)";
				WRAPPER_EXTENSION = app;
			};
			name = Debug;
		};
		82A29729181A043F00E5CCFE /* Release */ = {
			isa = XCBuildConfiguration;
			buildSettings = {
				ASSETCATALOG_COMPILER_APPICON_NAME = AppIcon;
				ASSETCATALOG_COMPILER_LAUNCHIMAGE_NAME = LaunchImage;
				GCC_PRECOMPILE_PREFIX_HEADER = YES;
				GCC_PREFIX_HEADER = "EasyPhoto/EasyPhoto-Prefix.pch";
				INFOPLIST_FILE = "EasyPhoto/EasyPhoto-Info.plist";
				PRODUCT_NAME = "$(TARGET_NAME)";
				WRAPPER_EXTENSION = app;
			};
			name = Release;
		};
		82A2972B181A043F00E5CCFE /* Debug */ = {
			isa = XCBuildConfiguration;
			buildSettings = {
				ARCHS = "$(ARCHS_STANDARD_INCLUDING_64_BIT)";
				BUNDLE_LOADER = "$(BUILT_PRODUCTS_DIR)/EasyPhoto.app/EasyPhoto";
				FRAMEWORK_SEARCH_PATHS = (
					"$(SDKROOT)/Developer/Library/Frameworks",
					"$(inherited)",
					"$(DEVELOPER_FRAMEWORKS_DIR)",
				);
				GCC_PRECOMPILE_PREFIX_HEADER = YES;
				GCC_PREFIX_HEADER = "EasyPhoto/EasyPhoto-Prefix.pch";
				GCC_PREPROCESSOR_DEFINITIONS = (
					"DEBUG=1",
					"$(inherited)",
				);
				INFOPLIST_FILE = "EasyPhotoTests/EasyPhotoTests-Info.plist";
				PRODUCT_NAME = "$(TARGET_NAME)";
				TEST_HOST = "$(BUNDLE_LOADER)";
				WRAPPER_EXTENSION = xctest;
			};
			name = Debug;
		};
		82A2972C181A043F00E5CCFE /* Release */ = {
			isa = XCBuildConfiguration;
			buildSettings = {
				ARCHS = "$(ARCHS_STANDARD_INCLUDING_64_BIT)";
				BUNDLE_LOADER = "$(BUILT_PRODUCTS_DIR)/EasyPhoto.app/EasyPhoto";
				FRAMEWORK_SEARCH_PATHS = (
					"$(SDKROOT)/Developer/Library/Frameworks",
					"$(inherited)",
					"$(DEVELOPER_FRAMEWORKS_DIR)",
				);
				GCC_PRECOMPILE_PREFIX_HEADER = YES;
				GCC_PREFIX_HEADER = "EasyPhoto/EasyPhoto-Prefix.pch";
				INFOPLIST_FILE = "EasyPhotoTests/EasyPhotoTests-Info.plist";
				PRODUCT_NAME = "$(TARGET_NAME)";
				TEST_HOST = "$(BUNDLE_LOADER)";
				WRAPPER_EXTENSION = xctest;
			};
			name = Release;
		};
/* End XCBuildConfiguration section */

/* Begin XCConfigurationList section */
		82A296F0181A043F00E5CCFE /* Build configuration list for PBXProject "EasyPhoto" */ = {
			isa = XCConfigurationList;
			buildConfigurations = (
				82A29725181A043F00E5CCFE /* Debug */,
				82A29726181A043F00E5CCFE /* Release */,
			);
			defaultConfigurationIsVisible = 0;
			defaultConfigurationName = Release;
		};
		82A29727181A043F00E5CCFE /* Build configuration list for PBXNativeTarget "EasyPhoto" */ = {
			isa = XCConfigurationList;
			buildConfigurations = (
				82A29728181A043F00E5CCFE /* Debug */,
				82A29729181A043F00E5CCFE /* Release */,
			);
			defaultConfigurationIsVisible = 0;
			defaultConfigurationName = Release;
		};
		82A2972A181A043F00E5CCFE /* Build configuration list for PBXNativeTarget "EasyPhotoTests" */ = {
			isa = XCConfigurationList;
			buildConfigurations = (
				82A2972B181A043F00E5CCFE /* Debug */,
				82A2972C181A043F00E5CCFE /* Release */,
			);
			defaultConfigurationIsVisible = 0;
			defaultConfigurationName = Release;
		};
/* End XCConfigurationList section */
	};
	rootObject = 82A296ED181A043F00E5CCFE /* Project object */;
}
